// !$*UTF8*$!
{
	archiveVersion = 1;
	classes = {
	};
	objectVersion = 77;
	objects = {

/* Begin PBXBuildFile section */
		02F038A12F589EC5008DD1E7 /* BudgetPeriod.swift in Sources */ = {isa = PBXBuildFile; fileRef = 02218DFE2F589B4E00E8DCEF /* BudgetPeriod.swift */; };
		02F038A22F589EC5008DD1E7 /* User.swift in Sources */ = {isa = PBXBuildFile; fileRef = 02218DFD2F589B4500E8DCEF /* User.swift */; };
		02F038A32F589EC5008DD1E7 /* Theme.swift in Sources */ = {isa = PBXBuildFile; fileRef = 02218DF62F589B0100E8DCEF /* Theme.swift */; };
		02F038A42F589EC5008DD1E7 /* AppState.swift in Sources */ = {isa = PBXBuildFile; fileRef = 02218DF12F589AAF00E8DCEF /* AppState.swift */; };
		02F038A52F589EC5008DD1E7 /* PiggyPulseApp.swift in Sources */ = {isa = PBXBuildFile; fileRef = 02218DF02F589AA200E8DCEF /* PiggyPulseApp.swift */; };
		02F038A62F589EC5008DD1E7 /* LoginView.swift in Sources */ = {isa = PBXBuildFile; fileRef = 02218DFA2F589B2700E8DCEF /* LoginView.swift */; };
		02F038A72F589EC5008DD1E7 /* MainTabView.swift in Sources */ = {isa = PBXBuildFile; fileRef = 02218DF42F589AEE00E8DCEF /* MainTabView.swift */; };
		02F038A82F589EC5008DD1E7 /* RootView.swift in Sources */ = {isa = PBXBuildFile; fileRef = 02218DF32F589AE500E8DCEF /* RootView.swift */; };
		02F038AE2F58DFA3008DD1E7 /* APIError.swift in Sources */ = {isa = PBXBuildFile; fileRef = 02F038AD2F58DF9E008DD1E7 /* APIError.swift */; };
		02F038B02F58DFCD008DD1E7 /* TokenManager.swift in Sources */ = {isa = PBXBuildFile; fileRef = 02F038AF2F58DFCB008DD1E7 /* TokenManager.swift */; };
		02F038B12F58E05B008DD1E7 /* KeychainHelper.swift in Sources */ = {isa = PBXBuildFile; fileRef = 02F038AB2F58DF46008DD1E7 /* KeychainHelper.swift */; };
		02F038B32F58E085008DD1E7 /* APIEndpoints.swift in Sources */ = {isa = PBXBuildFile; fileRef = 02F038B22F58E082008DD1E7 /* APIEndpoints.swift */; };
		02F038B52F58E0B1008DD1E7 /* APIClient.swift in Sources */ = {isa = PBXBuildFile; fileRef = 02F038B42F58E0AF008DD1E7 /* APIClient.swift */; };
/* End PBXBuildFile section */

/* Begin PBXFileReference section */
		020853A72F5898F7004E2FD4 /* PiggyPulse.app */ = {isa = PBXFileReference; explicitFileType = wrapper.application; includeInIndex = 0; path = PiggyPulse.app; sourceTree = BUILT_PRODUCTS_DIR; };
		02218DF02F589AA200E8DCEF /* PiggyPulseApp.swift */ = {isa = PBXFileReference; lastKnownFileType = sourcecode.swift; path = PiggyPulseApp.swift; sourceTree = "<group>"; };
		02218DF12F589AAF00E8DCEF /* AppState.swift */ = {isa = PBXFileReference; lastKnownFileType = sourcecode.swift; path = AppState.swift; sourceTree = "<group>"; };
		02218DF32F589AE500E8DCEF /* RootView.swift */ = {isa = PBXFileReference; lastKnownFileType = sourcecode.swift; path = RootView.swift; sourceTree = "<group>"; };
		02218DF42F589AEE00E8DCEF /* MainTabView.swift */ = {isa = PBXFileReference; lastKnownFileType = sourcecode.swift; path = MainTabView.swift; sourceTree = "<group>"; };
		02218DF62F589B0100E8DCEF /* Theme.swift */ = {isa = PBXFileReference; lastKnownFileType = sourcecode.swift; path = Theme.swift; sourceTree = "<group>"; };
		02218DFA2F589B2700E8DCEF /* LoginView.swift */ = {isa = PBXFileReference; lastKnownFileType = sourcecode.swift; path = LoginView.swift; sourceTree = "<group>"; };
		02218DFD2F589B4500E8DCEF /* User.swift */ = {isa = PBXFileReference; lastKnownFileType = sourcecode.swift; path = User.swift; sourceTree = "<group>"; };
		02218DFE2F589B4E00E8DCEF /* BudgetPeriod.swift */ = {isa = PBXFileReference; lastKnownFileType = sourcecode.swift; path = BudgetPeriod.swift; sourceTree = "<group>"; };
		02F038AB2F58DF46008DD1E7 /* KeychainHelper.swift */ = {isa = PBXFileReference; lastKnownFileType = sourcecode.swift; path = KeychainHelper.swift; sourceTree = "<group>"; };
		02F038AD2F58DF9E008DD1E7 /* APIError.swift */ = {isa = PBXFileReference; lastKnownFileType = sourcecode.swift; path = APIError.swift; sourceTree = "<group>"; };
		02F038AF2F58DFCB008DD1E7 /* TokenManager.swift */ = {isa = PBXFileReference; lastKnownFileType = sourcecode.swift; path = TokenManager.swift; sourceTree = "<group>"; };
		02F038B22F58E082008DD1E7 /* APIEndpoints.swift */ = {isa = PBXFileReference; lastKnownFileType = sourcecode.swift; path = APIEndpoints.swift; sourceTree = "<group>"; };
		02F038B42F58E0AF008DD1E7 /* APIClient.swift */ = {isa = PBXFileReference; lastKnownFileType = sourcecode.swift; path = APIClient.swift; sourceTree = "<group>"; };
/* End PBXFileReference section */

/* Begin PBXFrameworksBuildPhase section */
		020853A42F5898F7004E2FD4 /* Frameworks */ = {
			isa = PBXFrameworksBuildPhase;
			buildActionMask = 2147483647;
			files = (
			);
			runOnlyForDeploymentPostprocessing = 0;
		};
/* End PBXFrameworksBuildPhase section */

/* Begin PBXGroup section */
		0208539E2F5898F7004E2FD4 = {
			isa = PBXGroup;
			children = (
				02F038A92F58DF3C008DD1E7 /* Shared */,
				02218DFB2F589B3500E8DCEF /* Core */,
				02218DF52F589AFA00E8DCEF /* Design */,
				02218DEE2F589A6F00E8DCEF /* App */,
				020853A82F5898F7004E2FD4 /* Products */,
			);
			sourceTree = "<group>";
		};
		020853A82F5898F7004E2FD4 /* Products */ = {
			isa = PBXGroup;
			children = (
				020853A72F5898F7004E2FD4 /* PiggyPulse.app */,
			);
			name = Products;
			sourceTree = "<group>";
		};
		02218DEE2F589A6F00E8DCEF /* App */ = {
			isa = PBXGroup;
			children = (
				02218DF12F589AAF00E8DCEF /* AppState.swift */,
				02218DF02F589AA200E8DCEF /* PiggyPulseApp.swift */,
				02218DEF2F589A9200E8DCEF /* Features */,
			);
			path = App;
			sourceTree = "<group>";
		};
		02218DEF2F589A9200E8DCEF /* Features */ = {
			isa = PBXGroup;
			children = (
				02218DF82F589B1600E8DCEF /* Auth */,
				02218DF22F589ADD00E8DCEF /* Navigation */,
			);
			path = Features;
			sourceTree = "<group>";
		};
		02218DF22F589ADD00E8DCEF /* Navigation */ = {
			isa = PBXGroup;
			children = (
				02218DF42F589AEE00E8DCEF /* MainTabView.swift */,
				02218DF32F589AE500E8DCEF /* RootView.swift */,
			);
			path = Navigation;
			sourceTree = "<group>";
		};
		02218DF52F589AFA00E8DCEF /* Design */ = {
			isa = PBXGroup;
			children = (
				02218DF62F589B0100E8DCEF /* Theme.swift */,
			);
			path = Design;
			sourceTree = "<group>";
		};
		02218DF82F589B1600E8DCEF /* Auth */ = {
			isa = PBXGroup;
			children = (
				02218DF92F589B1E00E8DCEF /* Views */,
			);
			path = Auth;
			sourceTree = "<group>";
		};
		02218DF92F589B1E00E8DCEF /* Views */ = {
			isa = PBXGroup;
			children = (
				02218DFA2F589B2700E8DCEF /* LoginView.swift */,
			);
			path = Views;
			sourceTree = "<group>";
		};
		02218DFB2F589B3500E8DCEF /* Core */ = {
			isa = PBXGroup;
			children = (
				02F038AC2F58DF94008DD1E7 /* Network */,
				02218DFC2F589B3C00E8DCEF /* Models */,
			);
			path = Core;
			sourceTree = "<group>";
		};
		02218DFC2F589B3C00E8DCEF /* Models */ = {
			isa = PBXGroup;
			children = (
				02218DFE2F589B4E00E8DCEF /* BudgetPeriod.swift */,
				02218DFD2F589B4500E8DCEF /* User.swift */,
			);
			path = Models;
			sourceTree = "<group>";
		};
		02F038A92F58DF3C008DD1E7 /* Shared */ = {
			isa = PBXGroup;
			children = (
				02F038AA2F58DF42008DD1E7 /* Utilities */,
			);
			path = Shared;
			sourceTree = "<group>";
		};
		02F038AA2F58DF42008DD1E7 /* Utilities */ = {
			isa = PBXGroup;
			children = (
				02F038AB2F58DF46008DD1E7 /* KeychainHelper.swift */,
			);
			path = Utilities;
			sourceTree = "<group>";
		};
		02F038AC2F58DF94008DD1E7 /* Network */ = {
			isa = PBXGroup;
			children = (
				02F038B42F58E0AF008DD1E7 /* APIClient.swift */,
				02F038B22F58E082008DD1E7 /* APIEndpoints.swift */,
				02F038AF2F58DFCB008DD1E7 /* TokenManager.swift */,
				02F038AD2F58DF9E008DD1E7 /* APIError.swift */,
			);
			path = Network;
			sourceTree = "<group>";
		};
/* End PBXGroup section */

/* Begin PBXNativeTarget section */
		020853A62F5898F7004E2FD4 /* PiggyPulse */ = {
			isa = PBXNativeTarget;
			buildConfigurationList = 020853B22F5898F9004E2FD4 /* Build configuration list for PBXNativeTarget "PiggyPulse" */;
			buildPhases = (
				020853A32F5898F7004E2FD4 /* Sources */,
				020853A42F5898F7004E2FD4 /* Frameworks */,
				020853A52F5898F7004E2FD4 /* Resources */,
			);
			buildRules = (
			);
			dependencies = (
			);
			name = PiggyPulse;
			packageProductDependencies = (
			);
			productName = PiggyPulse;
			productReference = 020853A72F5898F7004E2FD4 /* PiggyPulse.app */;
			productType = "com.apple.product-type.application";
		};
/* End PBXNativeTarget section */

/* Begin PBXProject section */
		0208539F2F5898F7004E2FD4 /* Project object */ = {
			isa = PBXProject;
			attributes = {
				BuildIndependentTargetsInParallel = 1;
				LastSwiftUpdateCheck = 2630;
				LastUpgradeCheck = 2630;
				TargetAttributes = {
					020853A62F5898F7004E2FD4 = {
						CreatedOnToolsVersion = 26.3;
					};
				};
			};
			buildConfigurationList = 020853A22F5898F7004E2FD4 /* Build configuration list for PBXProject "PiggyPulse" */;
			developmentRegion = en;
			hasScannedForEncodings = 0;
			knownRegions = (
				en,
				Base,
			);
			mainGroup = 0208539E2F5898F7004E2FD4;
			minimizedProjectReferenceProxies = 1;
			preferredProjectObjectVersion = 77;
			productRefGroup = 020853A82F5898F7004E2FD4 /* Products */;
			projectDirPath = "";
			projectRoot = "";
			targets = (
				020853A62F5898F7004E2FD4 /* PiggyPulse */,
			);
		};
/* End PBXProject section */

/* Begin PBXResourcesBuildPhase section */
		020853A52F5898F7004E2FD4 /* Resources */ = {
			isa = PBXResourcesBuildPhase;
			buildActionMask = 2147483647;
			files = (
			);
			runOnlyForDeploymentPostprocessing = 0;
		};
/* End PBXResourcesBuildPhase section */

/* Begin PBXSourcesBuildPhase section */
		020853A32F5898F7004E2FD4 /* Sources */ = {
			isa = PBXSourcesBuildPhase;
			buildActionMask = 2147483647;
			files = (
				02F038B12F58E05B008DD1E7 /* KeychainHelper.swift in Sources */,
				02F038A12F589EC5008DD1E7 /* BudgetPeriod.swift in Sources */,
				02F038A22F589EC5008DD1E7 /* User.swift in Sources */,
				02F038B32F58E085008DD1E7 /* APIEndpoints.swift in Sources */,
				02F038A32F589EC5008DD1E7 /* Theme.swift in Sources */,
				02F038A42F589EC5008DD1E7 /* AppState.swift in Sources */,
				02F038A52F589EC5008DD1E7 /* PiggyPulseApp.swift in Sources */,
				02F038A62F589EC5008DD1E7 /* LoginView.swift in Sources */,
				02F038A72F589EC5008DD1E7 /* MainTabView.swift in Sources */,
				02F038B52F58E0B1008DD1E7 /* APIClient.swift in Sources */,
				02F038B02F58DFCD008DD1E7 /* TokenManager.swift in Sources */,
				02F038A82F589EC5008DD1E7 /* RootView.swift in Sources */,
				02F038AE2F58DFA3008DD1E7 /* APIError.swift in Sources */,
			);
			runOnlyForDeploymentPostprocessing = 0;
		};
/* End PBXSourcesBuildPhase section */

/* Begin XCBuildConfiguration section */
		020853B02F5898F9004E2FD4 /* Debug */ = {
			isa = XCBuildConfiguration;
			buildSettings = {
				ALWAYS_SEARCH_USER_PATHS = NO;
				ASSETCATALOG_COMPILER_GENERATE_SWIFT_ASSET_SYMBOL_EXTENSIONS = YES;
				CLANG_ANALYZER_NONNULL = YES;
				CLANG_ANALYZER_NUMBER_OBJECT_CONVERSION = YES_AGGRESSIVE;
				CLANG_CXX_LANGUAGE_STANDARD = "gnu++20";
				CLANG_ENABLE_MODULES = YES;
				CLANG_ENABLE_OBJC_ARC = YES;
				CLANG_ENABLE_OBJC_WEAK = YES;
				CLANG_WARN_BLOCK_CAPTURE_AUTORELEASING = YES;
				CLANG_WARN_BOOL_CONVERSION = YES;
				CLANG_WARN_COMMA = YES;
				CLANG_WARN_CONSTANT_CONVERSION = YES;
				CLANG_WARN_DEPRECATED_OBJC_IMPLEMENTATIONS = YES;
				CLANG_WARN_DIRECT_OBJC_ISA_USAGE = YES_ERROR;
				CLANG_WARN_DOCUMENTATION_COMMENTS = YES;
				CLANG_WARN_EMPTY_BODY = YES;
				CLANG_WARN_ENUM_CONVERSION = YES;
				CLANG_WARN_INFINITE_RECURSION = YES;
				CLANG_WARN_INT_CONVERSION = YES;
				CLANG_WARN_NON_LITERAL_NULL_CONVERSION = YES;
				CLANG_WARN_OBJC_IMPLICIT_RETAIN_SELF = YES;
				CLANG_WARN_OBJC_LITERAL_CONVERSION = YES;
				CLANG_WARN_OBJC_ROOT_CLASS = YES_ERROR;
				CLANG_WARN_QUOTED_INCLUDE_IN_FRAMEWORK_HEADER = YES;
				CLANG_WARN_RANGE_LOOP_ANALYSIS = YES;
				CLANG_WARN_STRICT_PROTOTYPES = YES;
				CLANG_WARN_SUSPICIOUS_MOVE = YES;
				CLANG_WARN_UNGUARDED_AVAILABILITY = YES_AGGRESSIVE;
				CLANG_WARN_UNREACHABLE_CODE = YES;
				CLANG_WARN__DUPLICATE_METHOD_MATCH = YES;
				COPY_PHASE_STRIP = NO;
				DEBUG_INFORMATION_FORMAT = dwarf;
				DEVELOPMENT_TEAM = 742MF6AGHS;
				ENABLE_STRICT_OBJC_MSGSEND = YES;
				ENABLE_TESTABILITY = YES;
				ENABLE_USER_SCRIPT_SANDBOXING = YES;
				GCC_C_LANGUAGE_STANDARD = gnu17;
				GCC_DYNAMIC_NO_PIC = NO;
				GCC_NO_COMMON_BLOCKS = YES;
				GCC_OPTIMIZATION_LEVEL = 0;
				GCC_PREPROCESSOR_DEFINITIONS = (
					"DEBUG=1",
					"$(inherited)",
				);
				GCC_WARN_64_TO_32_BIT_CONVERSION = YES;
				GCC_WARN_ABOUT_RETURN_TYPE = YES_ERROR;
				GCC_WARN_UNDECLARED_SELECTOR = YES;
				GCC_WARN_UNINITIALIZED_AUTOS = YES_AGGRESSIVE;
				GCC_WARN_UNUSED_FUNCTION = YES;
				GCC_WARN_UNUSED_VARIABLE = YES;
				IPHONEOS_DEPLOYMENT_TARGET = 26.2;
				LOCALIZATION_PREFERS_STRING_CATALOGS = YES;
				MTL_ENABLE_DEBUG_INFO = INCLUDE_SOURCE;
				MTL_FAST_MATH = YES;
				ONLY_ACTIVE_ARCH = YES;
				SDKROOT = iphoneos;
				SWIFT_ACTIVE_COMPILATION_CONDITIONS = "DEBUG $(inherited)";
				SWIFT_OPTIMIZATION_LEVEL = "-Onone";
			};
			name = Debug;
		};
		020853B12F5898F9004E2FD4 /* Release */ = {
			isa = XCBuildConfiguration;
			buildSettings = {
				ALWAYS_SEARCH_USER_PATHS = NO;
				ASSETCATALOG_COMPILER_GENERATE_SWIFT_ASSET_SYMBOL_EXTENSIONS = YES;
				CLANG_ANALYZER_NONNULL = YES;
				CLANG_ANALYZER_NUMBER_OBJECT_CONVERSION = YES_AGGRESSIVE;
				CLANG_CXX_LANGUAGE_STANDARD = "gnu++20";
				CLANG_ENABLE_MODULES = YES;
				CLANG_ENABLE_OBJC_ARC = YES;
				CLANG_ENABLE_OBJC_WEAK = YES;
				CLANG_WARN_BLOCK_CAPTURE_AUTORELEASING = YES;
				CLANG_WARN_BOOL_CONVERSION = YES;
				CLANG_WARN_COMMA = YES;
				CLANG_WARN_CONSTANT_CONVERSION = YES;
				CLANG_WARN_DEPRECATED_OBJC_IMPLEMENTATIONS = YES;
				CLANG_WARN_DIRECT_OBJC_ISA_USAGE = YES_ERROR;
				CLANG_WARN_DOCUMENTATION_COMMENTS = YES;
				CLANG_WARN_EMPTY_BODY = YES;
				CLANG_WARN_ENUM_CONVERSION = YES;
				CLANG_WARN_INFINITE_RECURSION = YES;
				CLANG_WARN_INT_CONVERSION = YES;
				CLANG_WARN_NON_LITERAL_NULL_CONVERSION = YES;
				CLANG_WARN_OBJC_IMPLICIT_RETAIN_SELF = YES;
				CLANG_WARN_OBJC_LITERAL_CONVERSION = YES;
				CLANG_WARN_OBJC_ROOT_CLASS = YES_ERROR;
				CLANG_WARN_QUOTED_INCLUDE_IN_FRAMEWORK_HEADER = YES;
				CLANG_WARN_RANGE_LOOP_ANALYSIS = YES;
				CLANG_WARN_STRICT_PROTOTYPES = YES;
				CLANG_WARN_SUSPICIOUS_MOVE = YES;
				CLANG_WARN_UNGUARDED_AVAILABILITY = YES_AGGRESSIVE;
				CLANG_WARN_UNREACHABLE_CODE = YES;
				CLANG_WARN__DUPLICATE_METHOD_MATCH = YES;
				COPY_PHASE_STRIP = NO;
				DEBUG_INFORMATION_FORMAT = "dwarf-with-dsym";
				DEVELOPMENT_TEAM = 742MF6AGHS;
				ENABLE_NS_ASSERTIONS = NO;
				ENABLE_STRICT_OBJC_MSGSEND = YES;
				ENABLE_USER_SCRIPT_SANDBOXING = YES;
				GCC_C_LANGUAGE_STANDARD = gnu17;
				GCC_NO_COMMON_BLOCKS = YES;
				GCC_WARN_64_TO_32_BIT_CONVERSION = YES;
				GCC_WARN_ABOUT_RETURN_TYPE = YES_ERROR;
				GCC_WARN_UNDECLARED_SELECTOR = YES;
				GCC_WARN_UNINITIALIZED_AUTOS = YES_AGGRESSIVE;
				GCC_WARN_UNUSED_FUNCTION = YES;
				GCC_WARN_UNUSED_VARIABLE = YES;
				IPHONEOS_DEPLOYMENT_TARGET = 26.2;
				LOCALIZATION_PREFERS_STRING_CATALOGS = YES;
				MTL_ENABLE_DEBUG_INFO = NO;
				MTL_FAST_MATH = YES;
				SDKROOT = iphoneos;
				SWIFT_COMPILATION_MODE = wholemodule;
				VALIDATE_PRODUCT = YES;
			};
			name = Release;
		};
		020853B32F5898F9004E2FD4 /* Debug */ = {
			isa = XCBuildConfiguration;
			buildSettings = {
				ASSETCATALOG_COMPILER_APPICON_NAME = AppIcon;
				ASSETCATALOG_COMPILER_GLOBAL_ACCENT_COLOR_NAME = AccentColor;
				CODE_SIGN_STYLE = Automatic;
				CURRENT_PROJECT_VERSION = 1;
				DEVELOPMENT_TEAM = 742MF6AGHS;
				ENABLE_PREVIEWS = YES;
				GENERATE_INFOPLIST_FILE = YES;
				INFOPLIST_KEY_UIApplicationSceneManifest_Generation = YES;
				INFOPLIST_KEY_UIApplicationSupportsIndirectInputEvents = YES;
				INFOPLIST_KEY_UILaunchScreen_Generation = YES;
				INFOPLIST_KEY_UISupportedInterfaceOrientations_iPad = "UIInterfaceOrientationPortrait UIInterfaceOrientationPortraitUpsideDown UIInterfaceOrientationLandscapeLeft UIInterfaceOrientationLandscapeRight";
				INFOPLIST_KEY_UISupportedInterfaceOrientations_iPhone = "UIInterfaceOrientationPortrait UIInterfaceOrientationLandscapeLeft UIInterfaceOrientationLandscapeRight";
				LD_RUNPATH_SEARCH_PATHS = (
					"$(inherited)",
					"@executable_path/Frameworks",
				);
				MARKETING_VERSION = 1.0;
				PRODUCT_BUNDLE_IDENTIFIER = com.piggypulse.app;
				PRODUCT_NAME = "$(TARGET_NAME)";
				STRING_CATALOG_GENERATE_SYMBOLS = YES;
				SWIFT_APPROACHABLE_CONCURRENCY = YES;
				SWIFT_DEFAULT_ACTOR_ISOLATION = MainActor;
				SWIFT_EMIT_LOC_STRINGS = YES;
				SWIFT_UPCOMING_FEATURE_MEMBER_IMPORT_VISIBILITY = YES;
				SWIFT_VERSION = 5.0;
				TARGETED_DEVICE_FAMILY = "1,2";
			};
			name = Debug;
		};
		020853B42F5898F9004E2FD4 /* Release */ = {
			isa = XCBuildConfiguration;
			buildSettings = {
				ASSETCATALOG_COMPILER_APPICON_NAME = AppIcon;
				ASSETCATALOG_COMPILER_GLOBAL_ACCENT_COLOR_NAME = AccentColor;
				CODE_SIGN_STYLE = Automatic;
				CURRENT_PROJECT_VERSION = 1;
				DEVELOPMENT_TEAM = 742MF6AGHS;
				ENABLE_PREVIEWS = YES;
				GENERATE_INFOPLIST_FILE = YES;
				INFOPLIST_KEY_UIApplicationSceneManifest_Generation = YES;
				INFOPLIST_KEY_UIApplicationSupportsIndirectInputEvents = YES;
				INFOPLIST_KEY_UILaunchScreen_Generation = YES;
				INFOPLIST_KEY_UISupportedInterfaceOrientations_iPad = "UIInterfaceOrientationPortrait UIInterfaceOrientationPortraitUpsideDown UIInterfaceOrientationLandscapeLeft UIInterfaceOrientationLandscapeRight";
				INFOPLIST_KEY_UISupportedInterfaceOrientations_iPhone = "UIInterfaceOrientationPortrait UIInterfaceOrientationLandscapeLeft UIInterfaceOrientationLandscapeRight";
				LD_RUNPATH_SEARCH_PATHS = (
					"$(inherited)",
					"@executable_path/Frameworks",
				);
				MARKETING_VERSION = 1.0;
				PRODUCT_BUNDLE_IDENTIFIER = com.piggypulse.app;
				PRODUCT_NAME = "$(TARGET_NAME)";
				STRING_CATALOG_GENERATE_SYMBOLS = YES;
				SWIFT_APPROACHABLE_CONCURRENCY = YES;
				SWIFT_DEFAULT_ACTOR_ISOLATION = MainActor;
				SWIFT_EMIT_LOC_STRINGS = YES;
				SWIFT_UPCOMING_FEATURE_MEMBER_IMPORT_VISIBILITY = YES;
				SWIFT_VERSION = 5.0;
				TARGETED_DEVICE_FAMILY = "1,2";
			};
			name = Release;
		};
/* End XCBuildConfiguration section */

/* Begin XCConfigurationList section */
		020853A22F5898F7004E2FD4 /* Build configuration list for PBXProject "PiggyPulse" */ = {
			isa = XCConfigurationList;
			buildConfigurations = (
				020853B02F5898F9004E2FD4 /* Debug */,
				020853B12F5898F9004E2FD4 /* Release */,
			);
			defaultConfigurationIsVisible = 0;
			defaultConfigurationName = Release;
		};
		020853B22F5898F9004E2FD4 /* Build configuration list for PBXNativeTarget "PiggyPulse" */ = {
			isa = XCConfigurationList;
			buildConfigurations = (
				020853B32F5898F9004E2FD4 /* Debug */,
				020853B42F5898F9004E2FD4 /* Release */,
			);
			defaultConfigurationIsVisible = 0;
			defaultConfigurationName = Release;
		};
/* End XCConfigurationList section */
	};
	rootObject = 0208539F2F5898F7004E2FD4 /* Project object */;
}
