// !$*UTF8*$!
{
	archiveVersion = 1;
	classes = {
	};
	objectVersion = 77;
	objects = {

/* Begin PBXBuildFile section */
		027B346A2F5B21DA00E96DF6 /* PeriodsView.swift in Sources */ = {isa = PBXBuildFile; fileRef = 027B34692F5B21D300E96DF6 /* PeriodsView.swift */; };
		027B346C2F5B237400E96DF6 /* CreatePeriodSheet.swift in Sources */ = {isa = PBXBuildFile; fileRef = 027B346B2F5B237100E96DF6 /* CreatePeriodSheet.swift */; };
		027B346E2F5B2A5400E96DF6 /* FormOptions.swift in Sources */ = {isa = PBXBuildFile; fileRef = 027B346D2F5B2A4F00E96DF6 /* FormOptions.swift */; };
		027B34702F5B2B2400E96DF6 /* AddTransactionSheet.swift in Sources */ = {isa = PBXBuildFile; fileRef = 027B346F2F5B2B2100E96DF6 /* AddTransactionSheet.swift */; };
		027B34762F5B324100E96DF6 /* BudgetViewModel.swift in Sources */ = {isa = PBXBuildFile; fileRef = 027B34752F5B324000E96DF6 /* BudgetViewModel.swift */; };
		027B34792F5B325700E96DF6 /* BudgetPlanView.swift in Sources */ = {isa = PBXBuildFile; fileRef = 027B34782F5B325500E96DF6 /* BudgetPlanView.swift */; };
		027B347B2F5B426200E96DF6 /* PeriodDetailView.swift in Sources */ = {isa = PBXBuildFile; fileRef = 027B347A2F5B425F00E96DF6 /* PeriodDetailView.swift */; };
		027B347D2F5B463F00E96DF6 /* PeriodSchedule.swift in Sources */ = {isa = PBXBuildFile; fileRef = 027B347C2F5B463D00E96DF6 /* PeriodSchedule.swift */; };
		027B347F2F5B466E00E96DF6 /* AutoCreationView.swift in Sources */ = {isa = PBXBuildFile; fileRef = 027B347E2F5B466B00E96DF6 /* AutoCreationView.swift */; };
		027B34812F5B4A2F00E96DF6 /* Account.swift in Sources */ = {isa = PBXBuildFile; fileRef = 027B34802F5B4A2900E96DF6 /* Account.swift */; };
		027B34832F5B4A4200E96DF6 /* Category.swift in Sources */ = {isa = PBXBuildFile; fileRef = 027B34822F5B4A3B00E96DF6 /* Category.swift */; };
		027B34852F5B4A5300E96DF6 /* Vendor.swift in Sources */ = {isa = PBXBuildFile; fileRef = 027B34842F5B4A5000E96DF6 /* Vendor.swift */; };
		027B34892F5B4AA700E96DF6 /* AccountsView.swift in Sources */ = {isa = PBXBuildFile; fileRef = 027B34882F5B4AA600E96DF6 /* AccountsView.swift */; };
		027B348D2F5B4AC200E96DF6 /* CategoriesView.swift in Sources */ = {isa = PBXBuildFile; fileRef = 027B348C2F5B4AC100E96DF6 /* CategoriesView.swift */; };
		027B34912F5B4ADE00E96DF6 /* VendorsView.swift in Sources */ = {isa = PBXBuildFile; fileRef = 027B34902F5B4ADD00E96DF6 /* VendorsView.swift */; };
		027B34932F5B4E4D00E96DF6 /* Settings.swift in Sources */ = {isa = PBXBuildFile; fileRef = 027B34922F5B4E4900E96DF6 /* Settings.swift */; };
		027B34972F5B4EA300E96DF6 /* SettingsView.swift in Sources */ = {isa = PBXBuildFile; fileRef = 027B34962F5B4E9E00E96DF6 /* SettingsView.swift */; };
		027B34992F5B4EB300E96DF6 /* ChangePasswordSheet.swift in Sources */ = {isa = PBXBuildFile; fileRef = 027B34982F5B4EB200E96DF6 /* ChangePasswordSheet.swift */; };
		027B349B2F5B4FAB00E96DF6 /* Overlays.swift in Sources */ = {isa = PBXBuildFile; fileRef = 027B349A2F5B4FA900E96DF6 /* Overlays.swift */; };
		027B349F2F5B4FD900E96DF6 /* OverlaysView.swift in Sources */ = {isa = PBXBuildFile; fileRef = 027B349E2F5B4FD300E96DF6 /* OverlaysView.swift */; };
		027B34A12F5B532600E96DF6 /* AddAccountSheet.swift in Sources */ = {isa = PBXBuildFile; fileRef = 027B34A02F5B532500E96DF6 /* AddAccountSheet.swift */; };
		027B34A32F5B533700E96DF6 /* AddCategorySheet.swift in Sources */ = {isa = PBXBuildFile; fileRef = 027B34A22F5B533400E96DF6 /* AddCategorySheet.swift */; };
		027B34A52F5B534700E96DF6 /* AddVendorSheet.swift in Sources */ = {isa = PBXBuildFile; fileRef = 027B34A42F5B534500E96DF6 /* AddVendorSheet.swift */; };
		027B34A72F5B647C00E96DF6 /* EditProfileSheet.swift in Sources */ = {isa = PBXBuildFile; fileRef = 027B34A62F5B647B00E96DF6 /* EditProfileSheet.swift */; };
		027B34A92F5B67B800E96DF6 /* EditTransactionSheet.swift in Sources */ = {isa = PBXBuildFile; fileRef = 027B34A82F5B67B600E96DF6 /* EditTransactionSheet.swift */; };
		027B34AB2F5B699300E96DF6 /* EditAccountSheet.swift in Sources */ = {isa = PBXBuildFile; fileRef = 027B34AA2F5B699200E96DF6 /* EditAccountSheet.swift */; };
		027B34AD2F5B69A700E96DF6 /* EditCategorySheet.swift in Sources */ = {isa = PBXBuildFile; fileRef = 027B34AC2F5B69A500E96DF6 /* EditCategorySheet.swift */; };
		027B34AD2F5B700000E96DF6 /* TransactionFilterSheet.swift in Sources */ = {isa = PBXBuildFile; fileRef = 027B34AC2F5B700000E96DF6 /* TransactionFilterSheet.swift */; };
		027B34AF2F5B69B600E96DF6 /* EditVendorSheet.swift in Sources */ = {isa = PBXBuildFile; fileRef = 027B34AE2F5B69B600E96DF6 /* EditVendorSheet.swift */; };
		027B34B12F5B6D5900E96DF6 /* LaunchScreen.storyboard in Resources */ = {isa = PBXBuildFile; fileRef = 027B34B02F5B6D5900E96DF6 /* LaunchScreen.storyboard */; };
		027B34B72F5B764E00E96DF6 /* CurrencyHelper.swift in Sources */ = {isa = PBXBuildFile; fileRef = 027B34B62F5B764C00E96DF6 /* CurrencyHelper.swift */; };
		027B34C12F5C000000E96DF6 /* OverlayFormSheet.swift in Sources */ = {isa = PBXBuildFile; fileRef = 027B34C02F5C000000E96DF6 /* OverlayFormSheet.swift */; };
		027B34C32F5C000100E96DF6 /* EmojiPickerGrid.swift in Sources */ = {isa = PBXBuildFile; fileRef = 027B34C22F5C000100E96DF6 /* EmojiPickerGrid.swift */; };
		02AB12342F5B320E00E96DF6 /* CategoryTarget.swift in Sources */ = {isa = PBXBuildFile; fileRef = 02AB12312F5B320200E96DF6 /* CategoryTarget.swift */; };
		02AB12352F5B320E00E96DF6 /* EditCategoryTargetSheet.swift in Sources */ = {isa = PBXBuildFile; fileRef = 02AB12362F5B320200E96DF6 /* EditCategoryTargetSheet.swift */; };
		02ADDBBA819B39E550E59149 /* Onboarding.swift in Sources */ = {isa = PBXBuildFile; fileRef = 9AF8DDC560849A681137F2C6 /* Onboarding.swift */; };
		02BBBBBB2F5B6D5900E96DF7 /* Localizable.xcstrings in Resources */ = {isa = PBXBuildFile; fileRef = 02AAAAAA2F5B6D5900E96DF7 /* Localizable.xcstrings */; };
		02F038A12F589EC5008DD1E7 /* BudgetPeriod.swift in Sources */ = {isa = PBXBuildFile; fileRef = 02218DFE2F589B4E00E8DCEF /* BudgetPeriod.swift */; };
		02F038A22F589EC5008DD1E7 /* User.swift in Sources */ = {isa = PBXBuildFile; fileRef = 02218DFD2F589B4500E8DCEF /* User.swift */; };
		02F038A32F589EC5008DD1E7 /* Theme.swift in Sources */ = {isa = PBXBuildFile; fileRef = 02218DF62F589B0100E8DCEF /* Theme.swift */; };
		02F038A42F589EC5008DD1E7 /* AppState.swift in Sources */ = {isa = PBXBuildFile; fileRef = 02218DF12F589AAF00E8DCEF /* AppState.swift */; };
		02F038A52F589EC5008DD1E7 /* PiggyPulseApp.swift in Sources */ = {isa = PBXBuildFile; fileRef = 02218DF02F589AA200E8DCEF /* PiggyPulseApp.swift */; };
		02F038A62F589EC5008DD1E7 /* LoginView.swift in Sources */ = {isa = PBXBuildFile; fileRef = 02218DFA2F589B2700E8DCEF /* LoginView.swift */; };
		02F038A72F589EC5008DD1E7 /* MainTabView.swift in Sources */ = {isa = PBXBuildFile; fileRef = 02218DF42F589AEE00E8DCEF /* MainTabView.swift */; };
		02F038A82F589EC5008DD1E7 /* RootView.swift in Sources */ = {isa = PBXBuildFile; fileRef = 02218DF32F589AE500E8DCEF /* RootView.swift */; };
		02F038AE2F58DFA3008DD1E7 /* APIError.swift in Sources */ = {isa = PBXBuildFile; fileRef = 02F038AD2F58DF9E008DD1E7 /* APIError.swift */; };
		02F038B02F58DFCD008DD1E7 /* TokenManager.swift in Sources */ = {isa = PBXBuildFile; fileRef = 02F038AF2F58DFCB008DD1E7 /* TokenManager.swift */; };
		02F038B12F58E05B008DD1E7 /* KeychainHelper.swift in Sources */ = {isa = PBXBuildFile; fileRef = 02F038AB2F58DF46008DD1E7 /* KeychainHelper.swift */; };
		02F038B32F58E085008DD1E7 /* APIEndpoints.swift in Sources */ = {isa = PBXBuildFile; fileRef = 02F038B22F58E082008DD1E7 /* APIEndpoints.swift */; };
		02F038B52F58E0B1008DD1E7 /* APIClient.swift in Sources */ = {isa = PBXBuildFile; fileRef = 02F038B42F58E0AF008DD1E7 /* APIClient.swift */; };
		02F038BB2F58E70D008DD1E7 /* AuthViewModel.swift in Sources */ = {isa = PBXBuildFile; fileRef = 02F038BA2F58E70B008DD1E7 /* AuthViewModel.swift */; };
		02F038BD2F58E87A008DD1E7 /* Assets.xcassets in Resources */ = {isa = PBXBuildFile; fileRef = 02F038BC2F58E87A008DD1E7 /* Assets.xcassets */; };
		02F038C02F5984DF008DD1E7 /* RegisterView.swift in Sources */ = {isa = PBXBuildFile; fileRef = 02F038BF2F5984DC008DD1E7 /* RegisterView.swift */; };
		02F038C22F5984F1008DD1E7 /* ForgotPasswordView.swift in Sources */ = {isa = PBXBuildFile; fileRef = 02F038C12F5984EF008DD1E7 /* ForgotPasswordView.swift */; };
		02F038C52F598C04008DD1E7 /* PeriodRepository.swift in Sources */ = {isa = PBXBuildFile; fileRef = 02F038C42F598C03008DD1E7 /* PeriodRepository.swift */; };
		02F038C92F598D78008DD1E7 /* PeriodSelectorBar.swift in Sources */ = {isa = PBXBuildFile; fileRef = 02F038C82F598D3B008DD1E7 /* PeriodSelectorBar.swift */; };
		02F038CB2F598F4F008DD1E7 /* PaginatedResponse.swift in Sources */ = {isa = PBXBuildFile; fileRef = 02F038CA2F598F4E008DD1E7 /* PaginatedResponse.swift */; };
		02F038CD2F5999B2008DD1E7 /* Dashboard.swift in Sources */ = {isa = PBXBuildFile; fileRef = 02F038CC2F5999B0008DD1E7 /* Dashboard.swift */; };
		02F038CF2F599A04008DD1E7 /* DashboardRepository.swift in Sources */ = {isa = PBXBuildFile; fileRef = 02F038CE2F5999F7008DD1E7 /* DashboardRepository.swift */; };
		02F038D12F599A25008DD1E7 /* DashboardViewModel.swift in Sources */ = {isa = PBXBuildFile; fileRef = 02F038D02F599A21008DD1E7 /* DashboardViewModel.swift */; };
		02F038D62F599A90008DD1E7 /* DashboardView.swift in Sources */ = {isa = PBXBuildFile; fileRef = 02F038D52F599A8F008DD1E7 /* DashboardView.swift */; };
		02F038D82F59A129008DD1E7 /* Transaction.swift in Sources */ = {isa = PBXBuildFile; fileRef = 02F038D72F59A127008DD1E7 /* Transaction.swift */; };
		02F038DA2F59A15D008DD1E7 /* TransactionRepository.swift in Sources */ = {isa = PBXBuildFile; fileRef = 02F038D92F59A159008DD1E7 /* TransactionRepository.swift */; };
		02F038DE2F59A195008DD1E7 /* TransactionsViewModel.swift in Sources */ = {isa = PBXBuildFile; fileRef = 02F038DD2F59A193008DD1E7 /* TransactionsViewModel.swift */; };
		02F038E22F59A1CD008DD1E7 /* TransactionsView.swift in Sources */ = {isa = PBXBuildFile; fileRef = 02F038E12F59A1CC008DD1E7 /* TransactionsView.swift */; };
		02F038E72F5B2110008DD1E7 /* PeriodsViewModel.swift in Resources */ = {isa = PBXBuildFile; fileRef = 02F038E62F5B2109008DD1E7 /* PeriodsViewModel.swift */; };
		02F038E82F5B2146008DD1E7 /* PeriodsViewModel.swift in Sources */ = {isa = PBXBuildFile; fileRef = 02F038E62F5B2109008DD1E7 /* PeriodsViewModel.swift */; };
		6997DB49D5EC16DA70365FAF /* OnboardingView.swift in Sources */ = {isa = PBXBuildFile; fileRef = 65DB4F1AAFE4A955E72BFC7C /* OnboardingView.swift */; };
		6AF95D57CBA8DB704BDCC35B /* OnboardingStepIndicator.swift in Sources */ = {isa = PBXBuildFile; fileRef = 218D425998B41C87A5820AA6 /* OnboardingStepIndicator.swift */; };
		6EF02EAE215F5094A4EE7EF1 /* SummaryStepView.swift in Sources */ = {isa = PBXBuildFile; fileRef = 11CE78C71FBEC1E705C286DD /* SummaryStepView.swift */; };
		6F27D7755ABDFAC055F0A784 /* OnboardingViewModel.swift in Sources */ = {isa = PBXBuildFile; fileRef = 5387D46E2C06BBF30DE7429B /* OnboardingViewModel.swift */; };
		7352FA8DE4D850AB38450768 /* AccountsStepView.swift in Sources */ = {isa = PBXBuildFile; fileRef = 009EF4876FF657BCAD295807 /* AccountsStepView.swift */; };
		AA000002000000000000AA02 /* NotificationPreferences.swift in Sources */ = {isa = PBXBuildFile; fileRef = AA000001000000000000AA01 /* NotificationPreferences.swift */; };
		AA000004000000000000AA04 /* NotificationPreferencesTests.swift in Sources */ = {isa = PBXBuildFile; fileRef = AA000003000000000000AA03 /* NotificationPreferencesTests.swift */; };
		AA000012000000000000AA12 /* NotificationScheduler.swift in Sources */ = {isa = PBXBuildFile; fileRef = AA000011000000000000AA11 /* NotificationScheduler.swift */; };
		AA000014000000000000AA14 /* NotificationSchedulerTests.swift in Sources */ = {isa = PBXBuildFile; fileRef = AA000013000000000000AA13 /* NotificationSchedulerTests.swift */; };
		AA000016000000000000AA16 /* BiometricHelper.swift in Sources */ = {isa = PBXBuildFile; fileRef = AA000015000000000000AA15 /* BiometricHelper.swift */; };
		AA000018000000000000AA18 /* BiometricPreferenceTests.swift in Sources */ = {isa = PBXBuildFile; fileRef = AA000017000000000000AA17 /* BiometricPreferenceTests.swift */; };
		AA00001A000000000000AA1A /* BiometricLockView.swift in Sources */ = {isa = PBXBuildFile; fileRef = AA00001B000000000000AA1B /* BiometricLockView.swift */; };
		AD4563FAC47738BC583B3A91 /* PeriodStepView.swift in Sources */ = {isa = PBXBuildFile; fileRef = 18EA6862EBC54B090D8654EB /* PeriodStepView.swift */; };
		D01A17166265CD52858BAE16 /* NumberStepperView.swift in Sources */ = {isa = PBXBuildFile; fileRef = 6209A42534C14F2167B98336 /* NumberStepperView.swift */; };
		FDD9598DA080E89DFD23C7E3 /* CategoriesStepView.swift in Sources */ = {isa = PBXBuildFile; fileRef = 125697D5718FA1710F492888 /* CategoriesStepView.swift */; };
		O1AQ1O5V45H9PNJPTDFKF81P /* OverlayRepository.swift in Sources */ = {isa = PBXBuildFile; fileRef = PHVUZVL6W2KWURT8UTDBC4PI /* OverlayRepository.swift */; };
/* End PBXBuildFile section */

/* Begin PBXContainerItemProxy section */
		AA00000D000000000000AA0D /* PBXContainerItemProxy */ = {
			isa = PBXContainerItemProxy;
			containerPortal = 0208539F2F5898F7004E2FD4 /* Project object */;
			proxyType = 1;
			remoteGlobalIDString = 020853A62F5898F7004E2FD4;
			remoteInfo = PiggyPulse;
		};
/* End PBXContainerItemProxy section */

/* Begin PBXFileReference section */
		009EF4876FF657BCAD295807 /* AccountsStepView.swift */ = {isa = PBXFileReference; includeInIndex = 1; lastKnownFileType = sourcecode.swift; path = AccountsStepView.swift; sourceTree = "<group>"; };
		020853A72F5898F7004E2FD4 /* PiggyPulse.app */ = {isa = PBXFileReference; explicitFileType = wrapper.application; includeInIndex = 0; path = PiggyPulse.app; sourceTree = BUILT_PRODUCTS_DIR; };
		02218DF02F589AA200E8DCEF /* PiggyPulseApp.swift */ = {isa = PBXFileReference; lastKnownFileType = sourcecode.swift; path = PiggyPulseApp.swift; sourceTree = "<group>"; };
		02218DF12F589AAF00E8DCEF /* AppState.swift */ = {isa = PBXFileReference; lastKnownFileType = sourcecode.swift; path = AppState.swift; sourceTree = "<group>"; };
		02218DF32F589AE500E8DCEF /* RootView.swift */ = {isa = PBXFileReference; lastKnownFileType = sourcecode.swift; path = RootView.swift; sourceTree = "<group>"; };
		02218DF42F589AEE00E8DCEF /* MainTabView.swift */ = {isa = PBXFileReference; lastKnownFileType = sourcecode.swift; path = MainTabView.swift; sourceTree = "<group>"; };
		02218DF62F589B0100E8DCEF /* Theme.swift */ = {isa = PBXFileReference; lastKnownFileType = sourcecode.swift; path = Theme.swift; sourceTree = "<group>"; };
		02218DFA2F589B2700E8DCEF /* LoginView.swift */ = {isa = PBXFileReference; lastKnownFileType = sourcecode.swift; path = LoginView.swift; sourceTree = "<group>"; };
		02218DFD2F589B4500E8DCEF /* User.swift */ = {isa = PBXFileReference; lastKnownFileType = sourcecode.swift; path = User.swift; sourceTree = "<group>"; };
		02218DFE2F589B4E00E8DCEF /* BudgetPeriod.swift */ = {isa = PBXFileReference; lastKnownFileType = sourcecode.swift; path = BudgetPeriod.swift; sourceTree = "<group>"; };
		027B34692F5B21D300E96DF6 /* PeriodsView.swift */ = {isa = PBXFileReference; lastKnownFileType = sourcecode.swift; path = PeriodsView.swift; sourceTree = "<group>"; };
		027B346B2F5B237100E96DF6 /* CreatePeriodSheet.swift */ = {isa = PBXFileReference; lastKnownFileType = sourcecode.swift; path = CreatePeriodSheet.swift; sourceTree = "<group>"; };
		027B346D2F5B2A4F00E96DF6 /* FormOptions.swift */ = {isa = PBXFileReference; lastKnownFileType = sourcecode.swift; path = FormOptions.swift; sourceTree = "<group>"; };
		027B346F2F5B2B2100E96DF6 /* AddTransactionSheet.swift */ = {isa = PBXFileReference; lastKnownFileType = sourcecode.swift; path = AddTransactionSheet.swift; sourceTree = "<group>"; };
		027B34752F5B324000E96DF6 /* BudgetViewModel.swift */ = {isa = PBXFileReference; lastKnownFileType = sourcecode.swift; path = BudgetViewModel.swift; sourceTree = "<group>"; };
		027B34782F5B325500E96DF6 /* BudgetPlanView.swift */ = {isa = PBXFileReference; lastKnownFileType = sourcecode.swift; path = BudgetPlanView.swift; sourceTree = "<group>"; };
		027B347A2F5B425F00E96DF6 /* PeriodDetailView.swift */ = {isa = PBXFileReference; lastKnownFileType = sourcecode.swift; path = PeriodDetailView.swift; sourceTree = "<group>"; };
		027B347C2F5B463D00E96DF6 /* PeriodSchedule.swift */ = {isa = PBXFileReference; lastKnownFileType = sourcecode.swift; path = PeriodSchedule.swift; sourceTree = "<group>"; };
		027B347E2F5B466B00E96DF6 /* AutoCreationView.swift */ = {isa = PBXFileReference; lastKnownFileType = sourcecode.swift; path = AutoCreationView.swift; sourceTree = "<group>"; };
		027B34802F5B4A2900E96DF6 /* Account.swift */ = {isa = PBXFileReference; lastKnownFileType = sourcecode.swift; path = Account.swift; sourceTree = "<group>"; };
		027B34822F5B4A3B00E96DF6 /* Category.swift */ = {isa = PBXFileReference; lastKnownFileType = sourcecode.swift; path = Category.swift; sourceTree = "<group>"; };
		027B34842F5B4A5000E96DF6 /* Vendor.swift */ = {isa = PBXFileReference; lastKnownFileType = sourcecode.swift; path = Vendor.swift; sourceTree = "<group>"; };
		027B34882F5B4AA600E96DF6 /* AccountsView.swift */ = {isa = PBXFileReference; lastKnownFileType = sourcecode.swift; path = AccountsView.swift; sourceTree = "<group>"; };
		027B348C2F5B4AC100E96DF6 /* CategoriesView.swift */ = {isa = PBXFileReference; lastKnownFileType = sourcecode.swift; path = CategoriesView.swift; sourceTree = "<group>"; };
		027B34902F5B4ADD00E96DF6 /* VendorsView.swift */ = {isa = PBXFileReference; lastKnownFileType = sourcecode.swift; path = VendorsView.swift; sourceTree = "<group>"; };
		027B34922F5B4E4900E96DF6 /* Settings.swift */ = {isa = PBXFileReference; lastKnownFileType = sourcecode.swift; path = Settings.swift; sourceTree = "<group>"; };
		027B34962F5B4E9E00E96DF6 /* SettingsView.swift */ = {isa = PBXFileReference; lastKnownFileType = sourcecode.swift; path = SettingsView.swift; sourceTree = "<group>"; };
		027B34982F5B4EB200E96DF6 /* ChangePasswordSheet.swift */ = {isa = PBXFileReference; lastKnownFileType = sourcecode.swift; path = ChangePasswordSheet.swift; sourceTree = "<group>"; };
		027B349A2F5B4FA900E96DF6 /* Overlays.swift */ = {isa = PBXFileReference; lastKnownFileType = sourcecode.swift; path = Overlays.swift; sourceTree = "<group>"; };
		027B349E2F5B4FD300E96DF6 /* OverlaysView.swift */ = {isa = PBXFileReference; lastKnownFileType = sourcecode.swift; path = OverlaysView.swift; sourceTree = "<group>"; };
		027B34A02F5B532500E96DF6 /* AddAccountSheet.swift */ = {isa = PBXFileReference; lastKnownFileType = sourcecode.swift; path = AddAccountSheet.swift; sourceTree = "<group>"; };
		027B34A22F5B533400E96DF6 /* AddCategorySheet.swift */ = {isa = PBXFileReference; lastKnownFileType = sourcecode.swift; path = AddCategorySheet.swift; sourceTree = "<group>"; };
		027B34A42F5B534500E96DF6 /* AddVendorSheet.swift */ = {isa = PBXFileReference; lastKnownFileType = sourcecode.swift; path = AddVendorSheet.swift; sourceTree = "<group>"; };
		027B34A62F5B647B00E96DF6 /* EditProfileSheet.swift */ = {isa = PBXFileReference; lastKnownFileType = sourcecode.swift; path = EditProfileSheet.swift; sourceTree = "<group>"; };
		027B34A82F5B67B600E96DF6 /* EditTransactionSheet.swift */ = {isa = PBXFileReference; lastKnownFileType = sourcecode.swift; path = EditTransactionSheet.swift; sourceTree = "<group>"; };
		027B34AA2F5B699200E96DF6 /* EditAccountSheet.swift */ = {isa = PBXFileReference; lastKnownFileType = sourcecode.swift; path = EditAccountSheet.swift; sourceTree = "<group>"; };
		027B34AC2F5B69A500E96DF6 /* EditCategorySheet.swift */ = {isa = PBXFileReference; lastKnownFileType = sourcecode.swift; path = EditCategorySheet.swift; sourceTree = "<group>"; };
		027B34AC2F5B700000E96DF6 /* TransactionFilterSheet.swift */ = {isa = PBXFileReference; lastKnownFileType = sourcecode.swift; path = TransactionFilterSheet.swift; sourceTree = "<group>"; };
		027B34AE2F5B69B600E96DF6 /* EditVendorSheet.swift */ = {isa = PBXFileReference; lastKnownFileType = sourcecode.swift; path = EditVendorSheet.swift; sourceTree = "<group>"; };
		027B34B02F5B6D5900E96DF6 /* LaunchScreen.storyboard */ = {isa = PBXFileReference; lastKnownFileType = file.storyboard; path = LaunchScreen.storyboard; sourceTree = "<group>"; };
		027B34B62F5B764C00E96DF6 /* CurrencyHelper.swift */ = {isa = PBXFileReference; lastKnownFileType = sourcecode.swift; path = CurrencyHelper.swift; sourceTree = "<group>"; };
		027B34C02F5C000000E96DF6 /* OverlayFormSheet.swift */ = {isa = PBXFileReference; lastKnownFileType = sourcecode.swift; path = OverlayFormSheet.swift; sourceTree = "<group>"; };
		027B34C22F5C000100E96DF6 /* EmojiPickerGrid.swift */ = {isa = PBXFileReference; lastKnownFileType = sourcecode.swift; path = EmojiPickerGrid.swift; sourceTree = "<group>"; };
		02AAAAAA2F5B6D5900E96DF7 /* Localizable.xcstrings */ = {isa = PBXFileReference; lastKnownFileType = text.json.xcstrings; path = Localizable.xcstrings; sourceTree = "<group>"; };
		02AB12312F5B320200E96DF6 /* CategoryTarget.swift */ = {isa = PBXFileReference; lastKnownFileType = sourcecode.swift; path = CategoryTarget.swift; sourceTree = "<group>"; };
		02AB12362F5B320200E96DF6 /* EditCategoryTargetSheet.swift */ = {isa = PBXFileReference; lastKnownFileType = sourcecode.swift; path = EditCategoryTargetSheet.swift; sourceTree = "<group>"; };
		02F038AB2F58DF46008DD1E7 /* KeychainHelper.swift */ = {isa = PBXFileReference; lastKnownFileType = sourcecode.swift; path = KeychainHelper.swift; sourceTree = "<group>"; };
		02F038AD2F58DF9E008DD1E7 /* APIError.swift */ = {isa = PBXFileReference; lastKnownFileType = sourcecode.swift; path = APIError.swift; sourceTree = "<group>"; };
		02F038AF2F58DFCB008DD1E7 /* TokenManager.swift */ = {isa = PBXFileReference; lastKnownFileType = sourcecode.swift; path = TokenManager.swift; sourceTree = "<group>"; };
		02F038B22F58E082008DD1E7 /* APIEndpoints.swift */ = {isa = PBXFileReference; lastKnownFileType = sourcecode.swift; path = APIEndpoints.swift; sourceTree = "<group>"; };
		02F038B42F58E0AF008DD1E7 /* APIClient.swift */ = {isa = PBXFileReference; lastKnownFileType = sourcecode.swift; path = APIClient.swift; sourceTree = "<group>"; };
		02F038BA2F58E70B008DD1E7 /* AuthViewModel.swift */ = {isa = PBXFileReference; lastKnownFileType = sourcecode.swift; path = AuthViewModel.swift; sourceTree = "<group>"; };
		02F038BC2F58E87A008DD1E7 /* Assets.xcassets */ = {isa = PBXFileReference; lastKnownFileType = folder.assetcatalog; path = Assets.xcassets; sourceTree = "<group>"; };
		02F038BE2F58E9D3008DD1E7 /* PiggyPulse-Info.plist */ = {isa = PBXFileReference; lastKnownFileType = text.plist; path = "PiggyPulse-Info.plist"; sourceTree = "<group>"; };
		02F038BF2F5984DC008DD1E7 /* RegisterView.swift */ = {isa = PBXFileReference; lastKnownFileType = sourcecode.swift; path = RegisterView.swift; sourceTree = "<group>"; };
		02F038C12F5984EF008DD1E7 /* ForgotPasswordView.swift */ = {isa = PBXFileReference; lastKnownFileType = sourcecode.swift; path = ForgotPasswordView.swift; sourceTree = "<group>"; };
		02F038C42F598C03008DD1E7 /* PeriodRepository.swift */ = {isa = PBXFileReference; lastKnownFileType = sourcecode.swift; path = PeriodRepository.swift; sourceTree = "<group>"; };
		02F038C82F598D3B008DD1E7 /* PeriodSelectorBar.swift */ = {isa = PBXFileReference; lastKnownFileType = sourcecode.swift; path = PeriodSelectorBar.swift; sourceTree = "<group>"; };
		02F038CA2F598F4E008DD1E7 /* PaginatedResponse.swift */ = {isa = PBXFileReference; lastKnownFileType = sourcecode.swift; path = PaginatedResponse.swift; sourceTree = "<group>"; };
		02F038CC2F5999B0008DD1E7 /* Dashboard.swift */ = {isa = PBXFileReference; lastKnownFileType = sourcecode.swift; path = Dashboard.swift; sourceTree = "<group>"; };
		02F038CE2F5999F7008DD1E7 /* DashboardRepository.swift */ = {isa = PBXFileReference; lastKnownFileType = sourcecode.swift; path = DashboardRepository.swift; sourceTree = "<group>"; };
		02F038D02F599A21008DD1E7 /* DashboardViewModel.swift */ = {isa = PBXFileReference; lastKnownFileType = sourcecode.swift; path = DashboardViewModel.swift; sourceTree = "<group>"; };
		02F038D52F599A8F008DD1E7 /* DashboardView.swift */ = {isa = PBXFileReference; lastKnownFileType = sourcecode.swift; path = DashboardView.swift; sourceTree = "<group>"; };
		02F038D72F59A127008DD1E7 /* Transaction.swift */ = {isa = PBXFileReference; lastKnownFileType = sourcecode.swift; path = Transaction.swift; sourceTree = "<group>"; };
		02F038D92F59A159008DD1E7 /* TransactionRepository.swift */ = {isa = PBXFileReference; lastKnownFileType = sourcecode.swift; path = TransactionRepository.swift; sourceTree = "<group>"; };
		02F038DD2F59A193008DD1E7 /* TransactionsViewModel.swift */ = {isa = PBXFileReference; lastKnownFileType = sourcecode.swift; path = TransactionsViewModel.swift; sourceTree = "<group>"; };
		02F038E12F59A1CC008DD1E7 /* TransactionsView.swift */ = {isa = PBXFileReference; lastKnownFileType = sourcecode.swift; path = TransactionsView.swift; sourceTree = "<group>"; };
		02F038E62F5B2109008DD1E7 /* PeriodsViewModel.swift */ = {isa = PBXFileReference; lastKnownFileType = sourcecode.swift; path = PeriodsViewModel.swift; sourceTree = "<group>"; };
		11CE78C71FBEC1E705C286DD /* SummaryStepView.swift */ = {isa = PBXFileReference; includeInIndex = 1; lastKnownFileType = sourcecode.swift; path = SummaryStepView.swift; sourceTree = "<group>"; };
		125697D5718FA1710F492888 /* CategoriesStepView.swift */ = {isa = PBXFileReference; includeInIndex = 1; lastKnownFileType = sourcecode.swift; path = CategoriesStepView.swift; sourceTree = "<group>"; };
		18EA6862EBC54B090D8654EB /* PeriodStepView.swift */ = {isa = PBXFileReference; includeInIndex = 1; lastKnownFileType = sourcecode.swift; path = PeriodStepView.swift; sourceTree = "<group>"; };
		218D425998B41C87A5820AA6 /* OnboardingStepIndicator.swift */ = {isa = PBXFileReference; includeInIndex = 1; lastKnownFileType = sourcecode.swift; path = OnboardingStepIndicator.swift; sourceTree = "<group>"; };
		5387D46E2C06BBF30DE7429B /* OnboardingViewModel.swift */ = {isa = PBXFileReference; includeInIndex = 1; lastKnownFileType = sourcecode.swift; path = OnboardingViewModel.swift; sourceTree = "<group>"; };
		6209A42534C14F2167B98336 /* NumberStepperView.swift */ = {isa = PBXFileReference; includeInIndex = 1; lastKnownFileType = sourcecode.swift; path = NumberStepperView.swift; sourceTree = "<group>"; };
		65DB4F1AAFE4A955E72BFC7C /* OnboardingView.swift */ = {isa = PBXFileReference; includeInIndex = 1; lastKnownFileType = sourcecode.swift; path = OnboardingView.swift; sourceTree = "<group>"; };
		9AF8DDC560849A681137F2C6 /* Onboarding.swift */ = {isa = PBXFileReference; includeInIndex = 1; lastKnownFileType = sourcecode.swift; path = Onboarding.swift; sourceTree = "<group>"; };
		AA000001000000000000AA01 /* NotificationPreferences.swift */ = {isa = PBXFileReference; lastKnownFileType = sourcecode.swift; path = NotificationPreferences.swift; sourceTree = "<group>"; };
		AA000003000000000000AA03 /* NotificationPreferencesTests.swift */ = {isa = PBXFileReference; lastKnownFileType = sourcecode.swift; path = NotificationPreferencesTests.swift; sourceTree = "<group>"; };
		AA000008000000000000AA08 /* PiggyPulseTests.xctest */ = {isa = PBXFileReference; explicitFileType = wrapper.cfbundle; includeInIndex = 0; path = PiggyPulseTests.xctest; sourceTree = BUILT_PRODUCTS_DIR; };
		AA000011000000000000AA11 /* NotificationScheduler.swift */ = {isa = PBXFileReference; lastKnownFileType = sourcecode.swift; path = NotificationScheduler.swift; sourceTree = "<group>"; };
		AA000013000000000000AA13 /* NotificationSchedulerTests.swift */ = {isa = PBXFileReference; lastKnownFileType = sourcecode.swift; path = NotificationSchedulerTests.swift; sourceTree = "<group>"; };
		AA000015000000000000AA15 /* BiometricHelper.swift */ = {isa = PBXFileReference; lastKnownFileType = sourcecode.swift; path = BiometricHelper.swift; sourceTree = "<group>"; };
		AA000017000000000000AA17 /* BiometricPreferenceTests.swift */ = {isa = PBXFileReference; lastKnownFileType = sourcecode.swift; path = BiometricPreferenceTests.swift; sourceTree = "<group>"; };
		AA00001B000000000000AA1B /* BiometricLockView.swift */ = {isa = PBXFileReference; lastKnownFileType = sourcecode.swift; path = BiometricLockView.swift; sourceTree = "<group>"; };
		PHVUZVL6W2KWURT8UTDBC4PI /* OverlayRepository.swift */ = {isa = PBXFileReference; lastKnownFileType = sourcecode.swift; path = OverlayRepository.swift; sourceTree = "<group>"; };
/* End PBXFileReference section */

/* Begin PBXFrameworksBuildPhase section */
		020853A42F5898F7004E2FD4 /* Frameworks */ = {
			isa = PBXFrameworksBuildPhase;
			buildActionMask = 2147483647;
			files = (
			);
			runOnlyForDeploymentPostprocessing = 0;
		};
		AA000007000000000000AA07 /* Frameworks */ = {
			isa = PBXFrameworksBuildPhase;
			buildActionMask = 2147483647;
			files = (
			);
			runOnlyForDeploymentPostprocessing = 0;
		};
/* End PBXFrameworksBuildPhase section */

/* Begin PBXGroup section */
		0208539E2F5898F7004E2FD4 = {
			isa = PBXGroup;
			children = (
				02F038C62F598D2B008DD1E7 /* Features */,
				02AAAAAA2F5B6D5900E96DF7 /* Localizable.xcstrings */,
				02F038BE2F58E9D3008DD1E7 /* PiggyPulse-Info.plist */,
				02F038BC2F58E87A008DD1E7 /* Assets.xcassets */,
				027B34B02F5B6D5900E96DF6 /* LaunchScreen.storyboard */,
				02F038A92F58DF3C008DD1E7 /* Shared */,
				02218DFB2F589B3500E8DCEF /* Core */,
				02218DF52F589AFA00E8DCEF /* Design */,
				02218DEE2F589A6F00E8DCEF /* App */,
				020853A82F5898F7004E2FD4 /* Products */,
				AA000010000000000000AA10 /* PiggyPulseTests */,
			);
			sourceTree = "<group>";
		};
		020853A82F5898F7004E2FD4 /* Products */ = {
			isa = PBXGroup;
			children = (
				020853A72F5898F7004E2FD4 /* PiggyPulse.app */,
				AA000008000000000000AA08 /* PiggyPulseTests.xctest */,
			);
			name = Products;
			sourceTree = "<group>";
		};
		02218DEE2F589A6F00E8DCEF /* App */ = {
			isa = PBXGroup;
			children = (
				02F038E32F5B20E1008DD1E7 /* Features */,
				02218DF12F589AAF00E8DCEF /* AppState.swift */,
				02218DF02F589AA200E8DCEF /* PiggyPulseApp.swift */,
			);
			path = App;
			sourceTree = "<group>";
		};
		02218DF22F589ADD00E8DCEF /* Navigation */ = {
			isa = PBXGroup;
			children = (
				02218DF42F589AEE00E8DCEF /* MainTabView.swift */,
				02218DF32F589AE500E8DCEF /* RootView.swift */,
			);
			path = Navigation;
			sourceTree = "<group>";
		};
		02218DF52F589AFA00E8DCEF /* Design */ = {
			isa = PBXGroup;
			children = (
				02F038B62F58E6C5008DD1E7 /* Components */,
				02218DF62F589B0100E8DCEF /* Theme.swift */,
			);
			path = Design;
			sourceTree = "<group>";
		};
		02218DF82F589B1600E8DCEF /* Auth */ = {
			isa = PBXGroup;
			children = (
				02F038B92F58E702008DD1E7 /* ViewModels */,
				02218DF92F589B1E00E8DCEF /* Views */,
			);
			path = Auth;
			sourceTree = "<group>";
		};
		02218DF92F589B1E00E8DCEF /* Views */ = {
			isa = PBXGroup;
			children = (
				02F038C12F5984EF008DD1E7 /* ForgotPasswordView.swift */,
				02F038BF2F5984DC008DD1E7 /* RegisterView.swift */,
				02218DFA2F589B2700E8DCEF /* LoginView.swift */,
				AA00001B000000000000AA1B /* BiometricLockView.swift */,
			);
			path = Views;
			sourceTree = "<group>";
		};
		02218DFB2F589B3500E8DCEF /* Core */ = {
			isa = PBXGroup;
			children = (
				AA00000E000000000000AA0E /* Notifications */,
				AA000019000000000000AA19 /* Biometrics */,
				027B34B22F5B74CE00E96DF6 /* Utilities */,
				02F038C32F598BF9008DD1E7 /* Repositories */,
				02F038AC2F58DF94008DD1E7 /* Network */,
				02218DFC2F589B3C00E8DCEF /* Models */,
			);
			path = Core;
			sourceTree = "<group>";
		};
		02218DFC2F589B3C00E8DCEF /* Models */ = {
			isa = PBXGroup;
			children = (
				027B349A2F5B4FA900E96DF6 /* Overlays.swift */,
				027B34922F5B4E4900E96DF6 /* Settings.swift */,
				027B34842F5B4A5000E96DF6 /* Vendor.swift */,
				027B34822F5B4A3B00E96DF6 /* Category.swift */,
				027B34802F5B4A2900E96DF6 /* Account.swift */,
				027B347C2F5B463D00E96DF6 /* PeriodSchedule.swift */,
				027B346D2F5B2A4F00E96DF6 /* FormOptions.swift */,
				02F038D72F59A127008DD1E7 /* Transaction.swift */,
				02F038CC2F5999B0008DD1E7 /* Dashboard.swift */,
				02F038CA2F598F4E008DD1E7 /* PaginatedResponse.swift */,
				02218DFE2F589B4E00E8DCEF /* BudgetPeriod.swift */,
				02AB12312F5B320200E96DF6 /* CategoryTarget.swift */,
				02218DFD2F589B4500E8DCEF /* User.swift */,
				9AF8DDC560849A681137F2C6 /* Onboarding.swift */,
			);
			path = Models;
			sourceTree = "<group>";
		};
		027B34682F5B21CE00E96DF6 /* Views */ = {
			isa = PBXGroup;
			children = (
				027B347E2F5B466B00E96DF6 /* AutoCreationView.swift */,
				027B347A2F5B425F00E96DF6 /* PeriodDetailView.swift */,
				027B346B2F5B237100E96DF6 /* CreatePeriodSheet.swift */,
				027B34692F5B21D300E96DF6 /* PeriodsView.swift */,
			);
			path = Views;
			sourceTree = "<group>";
		};
		027B34732F5B322F00E96DF6 /* Budget */ = {
			isa = PBXGroup;
			children = (
				027B34772F5B325000E96DF6 /* Views */,
				027B34742F5B323700E96DF6 /* ViewModels */,
			);
			path = Budget;
			sourceTree = "<group>";
		};
		027B34742F5B323700E96DF6 /* ViewModels */ = {
			isa = PBXGroup;
			children = (
				027B34752F5B324000E96DF6 /* BudgetViewModel.swift */,
			);
			path = ViewModels;
			sourceTree = "<group>";
		};
		027B34772F5B325000E96DF6 /* Views */ = {
			isa = PBXGroup;
			children = (
				027B34782F5B325500E96DF6 /* BudgetPlanView.swift */,
				02AB12362F5B320200E96DF6 /* EditCategoryTargetSheet.swift */,
			);
			path = Views;
			sourceTree = "<group>";
		};
		027B34862F5B4A9700E96DF6 /* Accounts */ = {
			isa = PBXGroup;
			children = (
				027B34872F5B4AA100E96DF6 /* Views */,
			);
			path = Accounts;
			sourceTree = "<group>";
		};
		027B34872F5B4AA100E96DF6 /* Views */ = {
			isa = PBXGroup;
			children = (
				027B34AA2F5B699200E96DF6 /* EditAccountSheet.swift */,
				027B34A02F5B532500E96DF6 /* AddAccountSheet.swift */,
				027B34882F5B4AA600E96DF6 /* AccountsView.swift */,
			);
			path = Views;
			sourceTree = "<group>";
		};
		027B348A2F5B4AB400E96DF6 /* Categories */ = {
			isa = PBXGroup;
			children = (
				027B348B2F5B4ABB00E96DF6 /* Views */,
			);
			path = Categories;
			sourceTree = "<group>";
		};
		027B348B2F5B4ABB00E96DF6 /* Views */ = {
			isa = PBXGroup;
			children = (
				027B34AC2F5B69A500E96DF6 /* EditCategorySheet.swift */,
				027B34A22F5B533400E96DF6 /* AddCategorySheet.swift */,
				027B348C2F5B4AC100E96DF6 /* CategoriesView.swift */,
			);
			path = Views;
			sourceTree = "<group>";
		};
		027B348E2F5B4ACE00E96DF6 /* Vendors */ = {
			isa = PBXGroup;
			children = (
				027B348F2F5B4AD800E96DF6 /* Views */,
			);
			path = Vendors;
			sourceTree = "<group>";
		};
		027B348F2F5B4AD800E96DF6 /* Views */ = {
			isa = PBXGroup;
			children = (
				027B34AE2F5B69B600E96DF6 /* EditVendorSheet.swift */,
				027B34A42F5B534500E96DF6 /* AddVendorSheet.swift */,
				027B34902F5B4ADD00E96DF6 /* VendorsView.swift */,
			);
			path = Views;
			sourceTree = "<group>";
		};
		027B34942F5B4E9400E96DF6 /* Settings */ = {
			isa = PBXGroup;
			children = (
				027B34952F5B4E9900E96DF6 /* Views */,
			);
			path = Settings;
			sourceTree = "<group>";
		};
		027B34952F5B4E9900E96DF6 /* Views */ = {
			isa = PBXGroup;
			children = (
				027B34A62F5B647B00E96DF6 /* EditProfileSheet.swift */,
				027B34982F5B4EB200E96DF6 /* ChangePasswordSheet.swift */,
				027B34962F5B4E9E00E96DF6 /* SettingsView.swift */,
			);
			path = Views;
			sourceTree = "<group>";
		};
		027B349C2F5B4FC800E96DF6 /* Overlays */ = {
			isa = PBXGroup;
			children = (
				027B349D2F5B4FCE00E96DF6 /* Views */,
			);
			path = Overlays;
			sourceTree = "<group>";
		};
		027B349D2F5B4FCE00E96DF6 /* Views */ = {
			isa = PBXGroup;
			children = (
				027B349E2F5B4FD300E96DF6 /* OverlaysView.swift */,
				027B34C02F5C000000E96DF6 /* OverlayFormSheet.swift */,
				027B34C22F5C000100E96DF6 /* EmojiPickerGrid.swift */,
			);
			path = Views;
			sourceTree = "<group>";
		};
		027B34B22F5B74CE00E96DF6 /* Utilities */ = {
			isa = PBXGroup;
			children = (
				027B34B62F5B764C00E96DF6 /* CurrencyHelper.swift */,
			);
			path = Utilities;
			sourceTree = "<group>";
		};
		02F038A92F58DF3C008DD1E7 /* Shared */ = {
			isa = PBXGroup;
			children = (
				02F038AA2F58DF42008DD1E7 /* Utilities */,
			);
			path = Shared;
			sourceTree = "<group>";
		};
		02F038AA2F58DF42008DD1E7 /* Utilities */ = {
			isa = PBXGroup;
			children = (
				02F038AB2F58DF46008DD1E7 /* KeychainHelper.swift */,
			);
			path = Utilities;
			sourceTree = "<group>";
		};
		02F038AC2F58DF94008DD1E7 /* Network */ = {
			isa = PBXGroup;
			children = (
				02F038B42F58E0AF008DD1E7 /* APIClient.swift */,
				02F038B22F58E082008DD1E7 /* APIEndpoints.swift */,
				02F038AF2F58DFCB008DD1E7 /* TokenManager.swift */,
				02F038AD2F58DF9E008DD1E7 /* APIError.swift */,
			);
			path = Network;
			sourceTree = "<group>";
		};
		02F038B62F58E6C5008DD1E7 /* Components */ = {
			isa = PBXGroup;
			children = (
			);
			path = Components;
			sourceTree = "<group>";
		};
		02F038B92F58E702008DD1E7 /* ViewModels */ = {
			isa = PBXGroup;
			children = (
				02F038BA2F58E70B008DD1E7 /* AuthViewModel.swift */,
			);
			path = ViewModels;
			sourceTree = "<group>";
		};
		02F038C32F598BF9008DD1E7 /* Repositories */ = {
			isa = PBXGroup;
			children = (
				02F038D92F59A159008DD1E7 /* TransactionRepository.swift */,
				02F038CE2F5999F7008DD1E7 /* DashboardRepository.swift */,
				02F038C42F598C03008DD1E7 /* PeriodRepository.swift */,
				PHVUZVL6W2KWURT8UTDBC4PI /* OverlayRepository.swift */,
			);
			path = Repositories;
			sourceTree = "<group>";
		};
		02F038C62F598D2B008DD1E7 /* Features */ = {
			isa = PBXGroup;
			children = (
				027B349C2F5B4FC800E96DF6 /* Overlays */,
				027B34942F5B4E9400E96DF6 /* Settings */,
				027B348E2F5B4ACE00E96DF6 /* Vendors */,
				027B348A2F5B4AB400E96DF6 /* Categories */,
				027B34862F5B4A9700E96DF6 /* Accounts */,
				027B34732F5B322F00E96DF6 /* Budget */,
				02F038E42F5B20FC008DD1E7 /* Periods */,
				02F038DB2F59A17F008DD1E7 /* Transactions */,
				02F038D22F599A6A008DD1E7 /* Dashboard */,
				02218DF82F589B1600E8DCEF /* Auth */,
				02F038C72F598D34008DD1E7 /* Navigation */,
				D65B984A52C3F21DA80F719E /* Onboarding */,
			);
			path = Features;
			sourceTree = "<group>";
		};
		02F038C72F598D34008DD1E7 /* Navigation */ = {
			isa = PBXGroup;
			children = (
				02F038C82F598D3B008DD1E7 /* PeriodSelectorBar.swift */,
			);
			path = Navigation;
			sourceTree = "<group>";
		};
		02F038D22F599A6A008DD1E7 /* Dashboard */ = {
			isa = PBXGroup;
			children = (
				02F038D42F599A84008DD1E7 /* Views */,
				02F038D32F599A71008DD1E7 /* ViewModels */,
			);
			path = Dashboard;
			sourceTree = "<group>";
		};
		02F038D32F599A71008DD1E7 /* ViewModels */ = {
			isa = PBXGroup;
			children = (
				02F038D02F599A21008DD1E7 /* DashboardViewModel.swift */,
			);
			path = ViewModels;
			sourceTree = "<group>";
		};
		02F038D42F599A84008DD1E7 /* Views */ = {
			isa = PBXGroup;
			children = (
				02F038D52F599A8F008DD1E7 /* DashboardView.swift */,
			);
			path = Views;
			sourceTree = "<group>";
		};
		02F038DB2F59A17F008DD1E7 /* Transactions */ = {
			isa = PBXGroup;
			children = (
				02F038E02F59A1C7008DD1E7 /* Views */,
				02F038DC2F59A18A008DD1E7 /* ViewModels */,
			);
			path = Transactions;
			sourceTree = "<group>";
		};
		02F038DC2F59A18A008DD1E7 /* ViewModels */ = {
			isa = PBXGroup;
			children = (
				02F038DD2F59A193008DD1E7 /* TransactionsViewModel.swift */,
			);
			path = ViewModels;
			sourceTree = "<group>";
		};
		02F038E02F59A1C7008DD1E7 /* Views */ = {
			isa = PBXGroup;
			children = (
				027B34A82F5B67B600E96DF6 /* EditTransactionSheet.swift */,
				027B34AC2F5B700000E96DF6 /* TransactionFilterSheet.swift */,
				027B346F2F5B2B2100E96DF6 /* AddTransactionSheet.swift */,
				02F038E12F59A1CC008DD1E7 /* TransactionsView.swift */,
			);
			path = Views;
			sourceTree = "<group>";
		};
		02F038E32F5B20E1008DD1E7 /* Features */ = {
			isa = PBXGroup;
			children = (
				02218DF22F589ADD00E8DCEF /* Navigation */,
			);
			path = Features;
			sourceTree = "<group>";
		};
		02F038E42F5B20FC008DD1E7 /* Periods */ = {
			isa = PBXGroup;
			children = (
				027B34682F5B21CE00E96DF6 /* Views */,
				02F038E52F5B2102008DD1E7 /* ViewModels */,
			);
			path = Periods;
			sourceTree = "<group>";
		};
		02F038E52F5B2102008DD1E7 /* ViewModels */ = {
			isa = PBXGroup;
			children = (
				02F038E62F5B2109008DD1E7 /* PeriodsViewModel.swift */,
			);
			path = ViewModels;
			sourceTree = "<group>";
		};
		5679AC035784E8E0C31C04C8 /* Steps */ = {
			isa = PBXGroup;
			children = (
				18EA6862EBC54B090D8654EB /* PeriodStepView.swift */,
				009EF4876FF657BCAD295807 /* AccountsStepView.swift */,
				125697D5718FA1710F492888 /* CategoriesStepView.swift */,
				11CE78C71FBEC1E705C286DD /* SummaryStepView.swift */,
			);
			path = Steps;
			sourceTree = "<group>";
		};
		94C9E573630E591945FF2713 /* Components */ = {
			isa = PBXGroup;
			children = (
				6209A42534C14F2167B98336 /* NumberStepperView.swift */,
				218D425998B41C87A5820AA6 /* OnboardingStepIndicator.swift */,
			);
			path = Components;
			sourceTree = "<group>";
		};
		AA00000E000000000000AA0E /* Notifications */ = {
			isa = PBXGroup;
			children = (
				AA000001000000000000AA01 /* NotificationPreferences.swift */,
				AA000011000000000000AA11 /* NotificationScheduler.swift */,
			);
			path = Notifications;
			sourceTree = "<group>";
		};
		AA000010000000000000AA10 /* PiggyPulseTests */ = {
			isa = PBXGroup;
			children = (
				AA000003000000000000AA03 /* NotificationPreferencesTests.swift */,
				AA000013000000000000AA13 /* NotificationSchedulerTests.swift */,
				AA000017000000000000AA17 /* BiometricPreferenceTests.swift */,
			);
			path = PiggyPulseTests;
			sourceTree = "<group>";
		};
		AA000019000000000000AA19 /* Biometrics */ = {
			isa = PBXGroup;
			children = (
				AA000015000000000000AA15 /* BiometricHelper.swift */,
			);
			path = Biometrics;
			sourceTree = "<group>";
		};
		D65B984A52C3F21DA80F719E /* Onboarding */ = {
			isa = PBXGroup;
			children = (
				94C9E573630E591945FF2713 /* Components */,
				5679AC035784E8E0C31C04C8 /* Steps */,
				65DB4F1AAFE4A955E72BFC7C /* OnboardingView.swift */,
				5387D46E2C06BBF30DE7429B /* OnboardingViewModel.swift */,
			);
			path = Onboarding;
			sourceTree = "<group>";
		};
/* End PBXGroup section */

/* Begin PBXNativeTarget section */
		020853A62F5898F7004E2FD4 /* PiggyPulse */ = {
			isa = PBXNativeTarget;
			buildConfigurationList = 020853B22F5898F9004E2FD4 /* Build configuration list for PBXNativeTarget "PiggyPulse" */;
			buildPhases = (
				020853A32F5898F7004E2FD4 /* Sources */,
				020853A42F5898F7004E2FD4 /* Frameworks */,
				020853A52F5898F7004E2FD4 /* Resources */,
			);
			buildRules = (
			);
			dependencies = (
			);
			name = PiggyPulse;
			productName = PiggyPulse;
			productReference = 020853A72F5898F7004E2FD4 /* PiggyPulse.app */;
			productType = "com.apple.product-type.application";
		};
		AA000005000000000000AA05 /* PiggyPulseTests */ = {
			isa = PBXNativeTarget;
			buildConfigurationList = AA00000B000000000000AA0B /* Build configuration list for PBXNativeTarget "PiggyPulseTests" */;
			buildPhases = (
				AA000006000000000000AA06 /* Sources */,
				AA000007000000000000AA07 /* Frameworks */,
			);
			buildRules = (
			);
			dependencies = (
				AA00000C000000000000AA0C /* PBXTargetDependency */,
			);
			name = PiggyPulseTests;
			productName = PiggyPulseTests;
			productReference = AA000008000000000000AA08 /* PiggyPulseTests.xctest */;
			productType = "com.apple.product-type.bundle.unit-test";
		};
/* End PBXNativeTarget section */

/* Begin PBXProject section */
		0208539F2F5898F7004E2FD4 /* Project object */ = {
			isa = PBXProject;
			attributes = {
				BuildIndependentTargetsInParallel = 1;
				LastSwiftUpdateCheck = 2630;
				LastUpgradeCheck = 2630;
				TargetAttributes = {
					020853A62F5898F7004E2FD4 = {
						CreatedOnToolsVersion = 26.3;
					};
				};
			};
			buildConfigurationList = 020853A22F5898F7004E2FD4 /* Build configuration list for PBXProject "PiggyPulse" */;
			developmentRegion = en;
			hasScannedForEncodings = 0;
			knownRegions = (
				en,
				Base,
			);
			mainGroup = 0208539E2F5898F7004E2FD4;
			minimizedProjectReferenceProxies = 1;
			preferredProjectObjectVersion = 77;
			productRefGroup = 020853A82F5898F7004E2FD4 /* Products */;
			projectDirPath = "";
			projectRoot = "";
			targets = (
				020853A62F5898F7004E2FD4 /* PiggyPulse */,
				AA000005000000000000AA05 /* PiggyPulseTests */,
			);
		};
/* End PBXProject section */

/* Begin PBXResourcesBuildPhase section */
		020853A52F5898F7004E2FD4 /* Resources */ = {
			isa = PBXResourcesBuildPhase;
			buildActionMask = 2147483647;
			files = (
				02BBBBBB2F5B6D5900E96DF7 /* Localizable.xcstrings in Resources */,
				027B34B12F5B6D5900E96DF6 /* LaunchScreen.storyboard in Resources */,
				02F038E72F5B2110008DD1E7 /* PeriodsViewModel.swift in Resources */,
				02F038BD2F58E87A008DD1E7 /* Assets.xcassets in Resources */,
			);
			runOnlyForDeploymentPostprocessing = 0;
		};
/* End PBXResourcesBuildPhase section */

/* Begin PBXSourcesBuildPhase section */
		020853A32F5898F7004E2FD4 /* Sources */ = {
			isa = PBXSourcesBuildPhase;
			buildActionMask = 2147483647;
			files = (
				027B34792F5B325700E96DF6 /* BudgetPlanView.swift in Sources */,
				02F038E82F5B2146008DD1E7 /* PeriodsViewModel.swift in Sources */,
				02F038C92F598D78008DD1E7 /* PeriodSelectorBar.swift in Sources */,
				02F038DE2F59A195008DD1E7 /* TransactionsViewModel.swift in Sources */,
				027B346A2F5B21DA00E96DF6 /* PeriodsView.swift in Sources */,
				027B34AB2F5B699300E96DF6 /* EditAccountSheet.swift in Sources */,
				027B34912F5B4ADE00E96DF6 /* VendorsView.swift in Sources */,
				027B34812F5B4A2F00E96DF6 /* Account.swift in Sources */,
				02F038D62F599A90008DD1E7 /* DashboardView.swift in Sources */,
				027B34932F5B4E4D00E96DF6 /* Settings.swift in Sources */,
				02F038B12F58E05B008DD1E7 /* KeychainHelper.swift in Sources */,
				027B348D2F5B4AC200E96DF6 /* CategoriesView.swift in Sources */,
				027B34832F5B4A4200E96DF6 /* Category.swift in Sources */,
				02F038A12F589EC5008DD1E7 /* BudgetPeriod.swift in Sources */,
				02AB12342F5B320E00E96DF6 /* CategoryTarget.swift in Sources */,
				02AB12352F5B320E00E96DF6 /* EditCategoryTargetSheet.swift in Sources */,
				02F038C22F5984F1008DD1E7 /* ForgotPasswordView.swift in Sources */,
				027B346C2F5B237400E96DF6 /* CreatePeriodSheet.swift in Sources */,
				027B347D2F5B463F00E96DF6 /* PeriodSchedule.swift in Sources */,
				027B349F2F5B4FD900E96DF6 /* OverlaysView.swift in Sources */,
				027B34C12F5C000000E96DF6 /* OverlayFormSheet.swift in Sources */,
				027B34C32F5C000100E96DF6 /* EmojiPickerGrid.swift in Sources */,
				02F038A22F589EC5008DD1E7 /* User.swift in Sources */,
				027B34852F5B4A5300E96DF6 /* Vendor.swift in Sources */,
				02F038B32F58E085008DD1E7 /* APIEndpoints.swift in Sources */,
				027B34B72F5B764E00E96DF6 /* CurrencyHelper.swift in Sources */,
				027B346E2F5B2A5400E96DF6 /* FormOptions.swift in Sources */,
				02F038BB2F58E70D008DD1E7 /* AuthViewModel.swift in Sources */,
				027B34A72F5B647C00E96DF6 /* EditProfileSheet.swift in Sources */,
				02F038A32F589EC5008DD1E7 /* Theme.swift in Sources */,
				02F038C52F598C04008DD1E7 /* PeriodRepository.swift in Sources */,
				O1AQ1O5V45H9PNJPTDFKF81P /* OverlayRepository.swift in Sources */,
				02F038A42F589EC5008DD1E7 /* AppState.swift in Sources */,
				027B347F2F5B466E00E96DF6 /* AutoCreationView.swift in Sources */,
				02F038E22F59A1CD008DD1E7 /* TransactionsView.swift in Sources */,
				027B34972F5B4EA300E96DF6 /* SettingsView.swift in Sources */,
				02F038A52F589EC5008DD1E7 /* PiggyPulseApp.swift in Sources */,
				02F038A62F589EC5008DD1E7 /* LoginView.swift in Sources */,
				AA00001A000000000000AA1A /* BiometricLockView.swift in Sources */,
				02F038DA2F59A15D008DD1E7 /* TransactionRepository.swift in Sources */,
				02F038D82F59A129008DD1E7 /* Transaction.swift in Sources */,
				02F038A72F589EC5008DD1E7 /* MainTabView.swift in Sources */,
				027B34702F5B2B2400E96DF6 /* AddTransactionSheet.swift in Sources */,
				027B34A92F5B67B800E96DF6 /* EditTransactionSheet.swift in Sources */,
				027B34AD2F5B700000E96DF6 /* TransactionFilterSheet.swift in Sources */,
				02F038CB2F598F4F008DD1E7 /* PaginatedResponse.swift in Sources */,
				02F038D12F599A25008DD1E7 /* DashboardViewModel.swift in Sources */,
				027B34A52F5B534700E96DF6 /* AddVendorSheet.swift in Sources */,
				027B34AF2F5B69B600E96DF6 /* EditVendorSheet.swift in Sources */,
				027B349B2F5B4FAB00E96DF6 /* Overlays.swift in Sources */,
				02F038B52F58E0B1008DD1E7 /* APIClient.swift in Sources */,
				02F038B02F58DFCD008DD1E7 /* TokenManager.swift in Sources */,
				027B34992F5B4EB300E96DF6 /* ChangePasswordSheet.swift in Sources */,
				027B34892F5B4AA700E96DF6 /* AccountsView.swift in Sources */,
				027B34A12F5B532600E96DF6 /* AddAccountSheet.swift in Sources */,
				02F038C02F5984DF008DD1E7 /* RegisterView.swift in Sources */,
				027B34762F5B324100E96DF6 /* BudgetViewModel.swift in Sources */,
				027B347B2F5B426200E96DF6 /* PeriodDetailView.swift in Sources */,
				02F038CF2F599A04008DD1E7 /* DashboardRepository.swift in Sources */,
				02F038A82F589EC5008DD1E7 /* RootView.swift in Sources */,
				027B34A32F5B533700E96DF6 /* AddCategorySheet.swift in Sources */,
				027B34AD2F5B69A700E96DF6 /* EditCategorySheet.swift in Sources */,
				02F038CD2F5999B2008DD1E7 /* Dashboard.swift in Sources */,
				02F038AE2F58DFA3008DD1E7 /* APIError.swift in Sources */,
				6997DB49D5EC16DA70365FAF /* OnboardingView.swift in Sources */,
				6F27D7755ABDFAC055F0A784 /* OnboardingViewModel.swift in Sources */,
				D01A17166265CD52858BAE16 /* NumberStepperView.swift in Sources */,
				6AF95D57CBA8DB704BDCC35B /* OnboardingStepIndicator.swift in Sources */,
				AD4563FAC47738BC583B3A91 /* PeriodStepView.swift in Sources */,
				7352FA8DE4D850AB38450768 /* AccountsStepView.swift in Sources */,
				FDD9598DA080E89DFD23C7E3 /* CategoriesStepView.swift in Sources */,
				6EF02EAE215F5094A4EE7EF1 /* SummaryStepView.swift in Sources */,
				02ADDBBA819B39E550E59149 /* Onboarding.swift in Sources */,
				AA000002000000000000AA02 /* NotificationPreferences.swift in Sources */,
				AA000012000000000000AA12 /* NotificationScheduler.swift in Sources */,
				AA000016000000000000AA16 /* BiometricHelper.swift in Sources */,
			);
			runOnlyForDeploymentPostprocessing = 0;
		};
		AA000006000000000000AA06 /* Sources */ = {
			isa = PBXSourcesBuildPhase;
			buildActionMask = 2147483647;
			files = (
				AA000004000000000000AA04 /* NotificationPreferencesTests.swift in Sources */,
				AA000014000000000000AA14 /* NotificationSchedulerTests.swift in Sources */,
				AA000018000000000000AA18 /* BiometricPreferenceTests.swift in Sources */,
			);
			runOnlyForDeploymentPostprocessing = 0;
		};
/* End PBXSourcesBuildPhase section */

/* Begin PBXTargetDependency section */
		AA00000C000000000000AA0C /* PBXTargetDependency */ = {
			isa = PBXTargetDependency;
			target = 020853A62F5898F7004E2FD4 /* PiggyPulse */;
			targetProxy = AA00000D000000000000AA0D /* PBXContainerItemProxy */;
		};
/* End PBXTargetDependency section */

/* Begin XCBuildConfiguration section */
		020853B02F5898F9004E2FD4 /* Debug */ = {
			isa = XCBuildConfiguration;
			buildSettings = {
				ALWAYS_SEARCH_USER_PATHS = NO;
				ASSETCATALOG_COMPILER_GENERATE_SWIFT_ASSET_SYMBOL_EXTENSIONS = YES;
				CLANG_ANALYZER_NONNULL = YES;
				CLANG_ANALYZER_NUMBER_OBJECT_CONVERSION = YES_AGGRESSIVE;
				CLANG_CXX_LANGUAGE_STANDARD = "gnu++20";
				CLANG_ENABLE_MODULES = YES;
				CLANG_ENABLE_OBJC_ARC = YES;
				CLANG_ENABLE_OBJC_WEAK = YES;
				CLANG_WARN_BLOCK_CAPTURE_AUTORELEASING = YES;
				CLANG_WARN_BOOL_CONVERSION = YES;
				CLANG_WARN_COMMA = YES;
				CLANG_WARN_CONSTANT_CONVERSION = YES;
				CLANG_WARN_DEPRECATED_OBJC_IMPLEMENTATIONS = YES;
				CLANG_WARN_DIRECT_OBJC_ISA_USAGE = YES_ERROR;
				CLANG_WARN_DOCUMENTATION_COMMENTS = YES;
				CLANG_WARN_EMPTY_BODY = YES;
				CLANG_WARN_ENUM_CONVERSION = YES;
				CLANG_WARN_INFINITE_RECURSION = YES;
				CLANG_WARN_INT_CONVERSION = YES;
				CLANG_WARN_NON_LITERAL_NULL_CONVERSION = YES;
				CLANG_WARN_OBJC_IMPLICIT_RETAIN_SELF = YES;
				CLANG_WARN_OBJC_LITERAL_CONVERSION = YES;
				CLANG_WARN_OBJC_ROOT_CLASS = YES_ERROR;
				CLANG_WARN_QUOTED_INCLUDE_IN_FRAMEWORK_HEADER = YES;
				CLANG_WARN_RANGE_LOOP_ANALYSIS = YES;
				CLANG_WARN_STRICT_PROTOTYPES = YES;
				CLANG_WARN_SUSPICIOUS_MOVE = YES;
				CLANG_WARN_UNGUARDED_AVAILABILITY = YES_AGGRESSIVE;
				CLANG_WARN_UNREACHABLE_CODE = YES;
				CLANG_WARN__DUPLICATE_METHOD_MATCH = YES;
				COPY_PHASE_STRIP = NO;
				DEBUG_INFORMATION_FORMAT = dwarf;
				DEVELOPMENT_TEAM = 742MF6AGHS;
				ENABLE_STRICT_OBJC_MSGSEND = YES;
				ENABLE_TESTABILITY = YES;
				ENABLE_USER_SCRIPT_SANDBOXING = YES;
				GCC_C_LANGUAGE_STANDARD = gnu17;
				GCC_DYNAMIC_NO_PIC = NO;
				GCC_NO_COMMON_BLOCKS = YES;
				GCC_OPTIMIZATION_LEVEL = 0;
				GCC_PREPROCESSOR_DEFINITIONS = (
					"DEBUG=1",
					"$(inherited)",
				);
				GCC_WARN_64_TO_32_BIT_CONVERSION = YES;
				GCC_WARN_ABOUT_RETURN_TYPE = YES_ERROR;
				GCC_WARN_UNDECLARED_SELECTOR = YES;
				GCC_WARN_UNINITIALIZED_AUTOS = YES_AGGRESSIVE;
				GCC_WARN_UNUSED_FUNCTION = YES;
				GCC_WARN_UNUSED_VARIABLE = YES;
				IPHONEOS_DEPLOYMENT_TARGET = 26.2;
				LOCALIZATION_PREFERS_STRING_CATALOGS = YES;
				MTL_ENABLE_DEBUG_INFO = INCLUDE_SOURCE;
				MTL_FAST_MATH = YES;
				ONLY_ACTIVE_ARCH = YES;
				SDKROOT = iphoneos;
				SWIFT_ACTIVE_COMPILATION_CONDITIONS = "DEBUG $(inherited)";
				SWIFT_OPTIMIZATION_LEVEL = "-Onone";
			};
			name = Debug;
		};
		020853B12F5898F9004E2FD4 /* Release */ = {
			isa = XCBuildConfiguration;
			buildSettings = {
				ALWAYS_SEARCH_USER_PATHS = NO;
				ASSETCATALOG_COMPILER_GENERATE_SWIFT_ASSET_SYMBOL_EXTENSIONS = YES;
				CLANG_ANALYZER_NONNULL = YES;
				CLANG_ANALYZER_NUMBER_OBJECT_CONVERSION = YES_AGGRESSIVE;
				CLANG_CXX_LANGUAGE_STANDARD = "gnu++20";
				CLANG_ENABLE_MODULES = YES;
				CLANG_ENABLE_OBJC_ARC = YES;
				CLANG_ENABLE_OBJC_WEAK = YES;
				CLANG_WARN_BLOCK_CAPTURE_AUTORELEASING = YES;
				CLANG_WARN_BOOL_CONVERSION = YES;
				CLANG_WARN_COMMA = YES;
				CLANG_WARN_CONSTANT_CONVERSION = YES;
				CLANG_WARN_DEPRECATED_OBJC_IMPLEMENTATIONS = YES;
				CLANG_WARN_DIRECT_OBJC_ISA_USAGE = YES_ERROR;
				CLANG_WARN_DOCUMENTATION_COMMENTS = YES;
				CLANG_WARN_EMPTY_BODY = YES;
				CLANG_WARN_ENUM_CONVERSION = YES;
				CLANG_WARN_INFINITE_RECURSION = YES;
				CLANG_WARN_INT_CONVERSION = YES;
				CLANG_WARN_NON_LITERAL_NULL_CONVERSION = YES;
				CLANG_WARN_OBJC_IMPLICIT_RETAIN_SELF = YES;
				CLANG_WARN_OBJC_LITERAL_CONVERSION = YES;
				CLANG_WARN_OBJC_ROOT_CLASS = YES_ERROR;
				CLANG_WARN_QUOTED_INCLUDE_IN_FRAMEWORK_HEADER = YES;
				CLANG_WARN_RANGE_LOOP_ANALYSIS = YES;
				CLANG_WARN_STRICT_PROTOTYPES = YES;
				CLANG_WARN_SUSPICIOUS_MOVE = YES;
				CLANG_WARN_UNGUARDED_AVAILABILITY = YES_AGGRESSIVE;
				CLANG_WARN_UNREACHABLE_CODE = YES;
				CLANG_WARN__DUPLICATE_METHOD_MATCH = YES;
				COPY_PHASE_STRIP = NO;
				DEBUG_INFORMATION_FORMAT = "dwarf-with-dsym";
				DEVELOPMENT_TEAM = 742MF6AGHS;
				ENABLE_NS_ASSERTIONS = NO;
				ENABLE_STRICT_OBJC_MSGSEND = YES;
				ENABLE_USER_SCRIPT_SANDBOXING = YES;
				GCC_C_LANGUAGE_STANDARD = gnu17;
				GCC_NO_COMMON_BLOCKS = YES;
				GCC_WARN_64_TO_32_BIT_CONVERSION = YES;
				GCC_WARN_ABOUT_RETURN_TYPE = YES_ERROR;
				GCC_WARN_UNDECLARED_SELECTOR = YES;
				GCC_WARN_UNINITIALIZED_AUTOS = YES_AGGRESSIVE;
				GCC_WARN_UNUSED_FUNCTION = YES;
				GCC_WARN_UNUSED_VARIABLE = YES;
				IPHONEOS_DEPLOYMENT_TARGET = 26.2;
				LOCALIZATION_PREFERS_STRING_CATALOGS = YES;
				MTL_ENABLE_DEBUG_INFO = NO;
				MTL_FAST_MATH = YES;
				SDKROOT = iphoneos;
				SWIFT_COMPILATION_MODE = wholemodule;
				VALIDATE_PRODUCT = YES;
			};
			name = Release;
		};
		020853B32F5898F9004E2FD4 /* Debug */ = {
			isa = XCBuildConfiguration;
			buildSettings = {
				ASSETCATALOG_COMPILER_APPICON_NAME = AppIcon;
				ASSETCATALOG_COMPILER_GLOBAL_ACCENT_COLOR_NAME = AccentColor;
				CODE_SIGN_IDENTITY = "Apple Development";
				CODE_SIGN_STYLE = Automatic;
				CURRENT_PROJECT_VERSION = 1;
				DEVELOPMENT_TEAM = 742MF6AGHS;
				ENABLE_PREVIEWS = YES;
				GENERATE_INFOPLIST_FILE = YES;
				INFOPLIST_FILE = "PiggyPulse-Info.plist";
				INFOPLIST_KEY_ITSAppUsesNonExemptEncryption = NO;
				INFOPLIST_KEY_NSFaceIDUsageDescription = "PiggyPulse uses Face ID to keep your financial data secure.";
				INFOPLIST_KEY_UIApplicationSceneManifest_Generation = YES;
				INFOPLIST_KEY_UIApplicationSupportsIndirectInputEvents = YES;
				INFOPLIST_KEY_UILaunchScreen_Generation = YES;
				INFOPLIST_KEY_UILaunchStoryboardName = LaunchScreen;
				INFOPLIST_KEY_UISupportedInterfaceOrientations = UIInterfaceOrientationPortrait;
				INFOPLIST_KEY_UISupportedInterfaceOrientations_iPad = "UIInterfaceOrientationLandscapeLeft UIInterfaceOrientationLandscapeRight UIInterfaceOrientationPortrait UIInterfaceOrientationPortraitUpsideDown";
				LD_RUNPATH_SEARCH_PATHS = (
					"$(inherited)",
					"@executable_path/Frameworks",
				);
				MARKETING_VERSION = 1.0;
				PRODUCT_BUNDLE_IDENTIFIER = com.piggypulse.app;
				PRODUCT_NAME = "$(TARGET_NAME)";
				PROVISIONING_PROFILE_SPECIFIER = "";
				STRING_CATALOG_GENERATE_SYMBOLS = YES;
				SWIFT_APPROACHABLE_CONCURRENCY = YES;
				SWIFT_DEFAULT_ACTOR_ISOLATION = MainActor;
				SWIFT_EMIT_LOC_STRINGS = YES;
				SWIFT_UPCOMING_FEATURE_MEMBER_IMPORT_VISIBILITY = YES;
				SWIFT_VERSION = 5.0;
				TARGETED_DEVICE_FAMILY = "1,2";
			};
			name = Debug;
		};
		020853B42F5898F9004E2FD4 /* Release */ = {
			isa = XCBuildConfiguration;
			buildSettings = {
				ASSETCATALOG_COMPILER_APPICON_NAME = AppIcon;
				ASSETCATALOG_COMPILER_GLOBAL_ACCENT_COLOR_NAME = AccentColor;
				CODE_SIGN_IDENTITY = "Apple Development";
				CODE_SIGN_STYLE = Automatic;
				CURRENT_PROJECT_VERSION = 1;
				DEVELOPMENT_TEAM = 742MF6AGHS;
				ENABLE_PREVIEWS = YES;
				GENERATE_INFOPLIST_FILE = YES;
				INFOPLIST_FILE = "PiggyPulse-Info.plist";
				INFOPLIST_KEY_ITSAppUsesNonExemptEncryption = NO;
				INFOPLIST_KEY_NSFaceIDUsageDescription = "PiggyPulse uses Face ID to keep your financial data secure.";
				INFOPLIST_KEY_UIApplicationSceneManifest_Generation = YES;
				INFOPLIST_KEY_UIApplicationSupportsIndirectInputEvents = YES;
				INFOPLIST_KEY_UILaunchScreen_Generation = YES;
				INFOPLIST_KEY_UILaunchStoryboardName = LaunchScreen;
				INFOPLIST_KEY_UISupportedInterfaceOrientations = UIInterfaceOrientationPortrait;
				INFOPLIST_KEY_UISupportedInterfaceOrientations_iPad = "UIInterfaceOrientationLandscapeLeft UIInterfaceOrientationLandscapeRight UIInterfaceOrientationPortrait UIInterfaceOrientationPortraitUpsideDown";
				LD_RUNPATH_SEARCH_PATHS = (
					"$(inherited)",
					"@executable_path/Frameworks",
				);
				MARKETING_VERSION = 1.0;
				PRODUCT_BUNDLE_IDENTIFIER = com.piggypulse.app;
				PRODUCT_NAME = "$(TARGET_NAME)";
				PROVISIONING_PROFILE_SPECIFIER = "";
				STRING_CATALOG_GENERATE_SYMBOLS = YES;
				SWIFT_APPROACHABLE_CONCURRENCY = YES;
				SWIFT_DEFAULT_ACTOR_ISOLATION = MainActor;
				SWIFT_EMIT_LOC_STRINGS = YES;
				SWIFT_UPCOMING_FEATURE_MEMBER_IMPORT_VISIBILITY = YES;
				SWIFT_VERSION = 5.0;
				TARGETED_DEVICE_FAMILY = "1,2";
			};
			name = Release;
		};
		AA000009000000000000AA09 /* Debug */ = {
			isa = XCBuildConfiguration;
			buildSettings = {
				BUNDLE_LOADER = "$(TEST_HOST)";
				CODE_SIGN_STYLE = Automatic;
				CURRENT_PROJECT_VERSION = 1;
				DEVELOPMENT_TEAM = 742MF6AGHS;
				GENERATE_INFOPLIST_FILE = YES;
				IPHONEOS_DEPLOYMENT_TARGET = 26.2;
				MARKETING_VERSION = 1.0;
				PRODUCT_BUNDLE_IDENTIFIER = com.piggypulse.app.tests;
				PRODUCT_NAME = "$(TARGET_NAME)";
				SDKROOT = iphoneos;
				SWIFT_VERSION = 5.0;
				TARGETED_DEVICE_FAMILY = "1,2";
				TEST_HOST = "$(BUILT_PRODUCTS_DIR)/PiggyPulse.app/$(BUNDLE_EXECUTABLE_FOLDER_PATH)/PiggyPulse";
			};
			name = Debug;
		};
		AA00000A000000000000AA0A /* Release */ = {
			isa = XCBuildConfiguration;
			buildSettings = {
				BUNDLE_LOADER = "$(TEST_HOST)";
				CODE_SIGN_STYLE = Automatic;
				CURRENT_PROJECT_VERSION = 1;
				DEVELOPMENT_TEAM = 742MF6AGHS;
				GENERATE_INFOPLIST_FILE = YES;
				IPHONEOS_DEPLOYMENT_TARGET = 26.2;
				MARKETING_VERSION = 1.0;
				PRODUCT_BUNDLE_IDENTIFIER = com.piggypulse.app.tests;
				PRODUCT_NAME = "$(TARGET_NAME)";
				SDKROOT = iphoneos;
				SWIFT_VERSION = 5.0;
				TARGETED_DEVICE_FAMILY = "1,2";
				TEST_HOST = "$(BUILT_PRODUCTS_DIR)/PiggyPulse.app/$(BUNDLE_EXECUTABLE_FOLDER_PATH)/PiggyPulse";
			};
			name = Release;
		};
/* End XCBuildConfiguration section */

/* Begin XCConfigurationList section */
		020853A22F5898F7004E2FD4 /* Build configuration list for PBXProject "PiggyPulse" */ = {
			isa = XCConfigurationList;
			buildConfigurations = (
				020853B02F5898F9004E2FD4 /* Debug */,
				020853B12F5898F9004E2FD4 /* Release */,
			);
			defaultConfigurationIsVisible = 0;
			defaultConfigurationName = Release;
		};
		020853B22F5898F9004E2FD4 /* Build configuration list for PBXNativeTarget "PiggyPulse" */ = {
			isa = XCConfigurationList;
			buildConfigurations = (
				020853B32F5898F9004E2FD4 /* Debug */,
				020853B42F5898F9004E2FD4 /* Release */,
			);
			defaultConfigurationIsVisible = 0;
			defaultConfigurationName = Release;
		};
		AA00000B000000000000AA0B /* Build configuration list for PBXNativeTarget "PiggyPulseTests" */ = {
			isa = XCConfigurationList;
			buildConfigurations = (
				AA000009000000000000AA09 /* Debug */,
				AA00000A000000000000AA0A /* Release */,
			);
			defaultConfigurationIsVisible = 0;
			defaultConfigurationName = Release;
		};
/* End XCConfigurationList section */
	};
	rootObject = 0208539F2F5898F7004E2FD4 /* Project object */;
}
