{
  "originHash" : "5e0e028fea2b5815ca1ab2a4ab70e702924ff4af8e9ac1346348ed05a92a5712",
  "pins" : [
    {
      "identity" : "argon2kit",
      "kind" : "remoteSourceControl",
      "location" : "https://github.com/rkreutz/Argon2Kit.git",
      "state" : {
        "revision" : "87b9ca9c42304b8c6a5c14d7f6d6a0342917e71c",
        "version" : "0.1.1"
      }
    },
    {
      "identity" : "sentry-cocoa",
      "kind" : "remoteSourceControl",
      "location" : "https://github.com/getsentry/sentry-cocoa.git",
      "state" : {
        "revision" : "e6d00b6171c0c055debdf278554db035ae958926",
        "version" : "9.16.1"
      }
    }
  ],
  "version" : 3
}
